
Microsoft Visual Studio Solution File, Format Version 12.00
# Visual Studio 14
VisualStudioVersion = 14.0.24720.0
MinimumVisualStudioVersion = 10.0.40219.1
Project("{FAE04EC0-301F-11D3-BF4B-00C04F79EFBC}") = "Zave", "Zave\Zave.csproj", "{4E456E7F-FA26-4D6F-A99A-99DC0D481982}"
EndProject
Project("{FAE04EC0-301F-11D3-BF4B-00C04F79EFBC}") = "ZaveController", "ZaveEvents\ZaveController.csproj", "{6BCC0D8D-FDCA-4BB4-9824-242878FBBE36}"
EndProject
Project("{FAE04EC0-301F-11D3-BF4B-00C04F79EFBC}") = "ZaveModel", "ZaveModel\ZaveModel.csproj", "{6B255A10-65F0-400A-9B9D-1254CD934ECC}"
EndProject
Project("{FAE04EC0-301F-11D3-BF4B-00C04F79EFBC}") = "ZaveViewModel", "ZaveMVVM\ZaveViewModel.csproj", "{61E09293-709D-447D-BC4C-306E3118F20C}"
EndProject
Project("{FAE04EC0-301F-11D3-BF4B-00C04F79EFBC}") = "ZaveService", "ZaveService\ZaveService.csproj", "{7564B53B-B138-4E6F-8D37-ACDD1E51F787}"
EndProject
Project("{FAE04EC0-301F-11D3-BF4B-00C04F79EFBC}") = "ZaveGlobalSettings", "ZaveGlobalSettings\ZaveGlobalSettings.csproj", "{0F1F4A8F-44FD-4537-88A1-21034AC4335A}"
EndProject
Project("{FAE04EC0-301F-11D3-BF4B-00C04F79EFBC}") = "ZaveWordAddin", "FirstWordAddIn\ZaveWordAddin.csproj", "{2FEC93AB-A5DE-49EE-84E5-43090C2B007B}"
EndProject
Project("{6141683F-8A12-4E36-9623-2EB02B2C2303}") = "ZaveSetup", "ZaveSetup\ZaveSetup\ZaveSetup.isproj", "{EC22BB98-1C31-4B87-8A82-FF0345A007E5}"
	ProjectSection(ProjectDependencies) = postProject
		{2FEC93AB-A5DE-49EE-84E5-43090C2B007B} = {2FEC93AB-A5DE-49EE-84E5-43090C2B007B}
		{7DC25FC9-21D8-4BFB-8F90-A243AA61EFFE} = {7DC25FC9-21D8-4BFB-8F90-A243AA61EFFE}
	EndProjectSection
EndProject
Project("{FAE04EC0-301F-11D3-BF4B-00C04F79EFBC}") = "SetZaveWordDocumentProperties", "SetZaveWordDocumentProperties\SetZaveWordDocumentProperties.csproj", "{7DC25FC9-21D8-4BFB-8F90-A243AA61EFFE}"
EndProject
Global
	GlobalSection(SolutionConfigurationPlatforms) = preSolution
		CD_ROM|Any CPU = CD_ROM|Any CPU
		Debug|Any CPU = Debug|Any CPU
		DVD-5|Any CPU = DVD-5|Any CPU
		Release|Any CPU = Release|Any CPU
		SingleImage|Any CPU = SingleImage|Any CPU
	EndGlobalSection
	GlobalSection(ProjectConfigurationPlatforms) = postSolution
		{4E456E7F-FA26-4D6F-A99A-99DC0D481982}.CD_ROM|Any CPU.ActiveCfg = Release|Any CPU
		{4E456E7F-FA26-4D6F-A99A-99DC0D481982}.CD_ROM|Any CPU.Build.0 = Release|Any CPU
		{4E456E7F-FA26-4D6F-A99A-99DC0D481982}.Debug|Any CPU.ActiveCfg = Debug|Any CPU
		{4E456E7F-FA26-4D6F-A99A-99DC0D481982}.Debug|Any CPU.Build.0 = Debug|Any CPU
		{4E456E7F-FA26-4D6F-A99A-99DC0D481982}.DVD-5|Any CPU.ActiveCfg = Debug|Any CPU
		{4E456E7F-FA26-4D6F-A99A-99DC0D481982}.DVD-5|Any CPU.Build.0 = Debug|Any CPU
		{4E456E7F-FA26-4D6F-A99A-99DC0D481982}.Release|Any CPU.ActiveCfg = Release|Any CPU
		{4E456E7F-FA26-4D6F-A99A-99DC0D481982}.Release|Any CPU.Build.0 = Release|Any CPU
		{4E456E7F-FA26-4D6F-A99A-99DC0D481982}.SingleImage|Any CPU.ActiveCfg = Release|Any CPU
		{4E456E7F-FA26-4D6F-A99A-99DC0D481982}.SingleImage|Any CPU.Build.0 = Release|Any CPU
		{6BCC0D8D-FDCA-4BB4-9824-242878FBBE36}.CD_ROM|Any CPU.ActiveCfg = Release|Any CPU
		{6BCC0D8D-FDCA-4BB4-9824-242878FBBE36}.CD_ROM|Any CPU.Build.0 = Release|Any CPU
		{6BCC0D8D-FDCA-4BB4-9824-242878FBBE36}.Debug|Any CPU.ActiveCfg = Debug|Any CPU
		{6BCC0D8D-FDCA-4BB4-9824-242878FBBE36}.Debug|Any CPU.Build.0 = Debug|Any CPU
		{6BCC0D8D-FDCA-4BB4-9824-242878FBBE36}.DVD-5|Any CPU.ActiveCfg = Debug|Any CPU
		{6BCC0D8D-FDCA-4BB4-9824-242878FBBE36}.DVD-5|Any CPU.Build.0 = Debug|Any CPU
		{6BCC0D8D-FDCA-4BB4-9824-242878FBBE36}.Release|Any CPU.ActiveCfg = Release|Any CPU
		{6BCC0D8D-FDCA-4BB4-9824-242878FBBE36}.Release|Any CPU.Build.0 = Release|Any CPU
		{6BCC0D8D-FDCA-4BB4-9824-242878FBBE36}.SingleImage|Any CPU.ActiveCfg = Release|Any CPU
		{6BCC0D8D-FDCA-4BB4-9824-242878FBBE36}.SingleImage|Any CPU.Build.0 = Release|Any CPU
		{6B255A10-65F0-400A-9B9D-1254CD934ECC}.CD_ROM|Any CPU.ActiveCfg = Release|Any CPU
		{6B255A10-65F0-400A-9B9D-1254CD934ECC}.CD_ROM|Any CPU.Build.0 = Release|Any CPU
		{6B255A10-65F0-400A-9B9D-1254CD934ECC}.Debug|Any CPU.ActiveCfg = Debug|Any CPU
		{6B255A10-65F0-400A-9B9D-1254CD934ECC}.Debug|Any CPU.Build.0 = Debug|Any CPU
		{6B255A10-65F0-400A-9B9D-1254CD934ECC}.DVD-5|Any CPU.ActiveCfg = Debug|Any CPU
		{6B255A10-65F0-400A-9B9D-1254CD934ECC}.DVD-5|Any CPU.Build.0 = Debug|Any CPU
		{6B255A10-65F0-400A-9B9D-1254CD934ECC}.Release|Any CPU.ActiveCfg = Release|Any CPU
		{6B255A10-65F0-400A-9B9D-1254CD934ECC}.Release|Any CPU.Build.0 = Release|Any CPU
		{6B255A10-65F0-400A-9B9D-1254CD934ECC}.SingleImage|Any CPU.ActiveCfg = Release|Any CPU
		{6B255A10-65F0-400A-9B9D-1254CD934ECC}.SingleImage|Any CPU.Build.0 = Release|Any CPU
		{61E09293-709D-447D-BC4C-306E3118F20C}.CD_ROM|Any CPU.ActiveCfg = Release|Any CPU
		{61E09293-709D-447D-BC4C-306E3118F20C}.CD_ROM|Any CPU.Build.0 = Release|Any CPU
		{61E09293-709D-447D-BC4C-306E3118F20C}.Debug|Any CPU.ActiveCfg = Debug|Any CPU
		{61E09293-709D-447D-BC4C-306E3118F20C}.Debug|Any CPU.Build.0 = Debug|Any CPU
		{61E09293-709D-447D-BC4C-306E3118F20C}.DVD-5|Any CPU.ActiveCfg = Debug|Any CPU
		{61E09293-709D-447D-BC4C-306E3118F20C}.DVD-5|Any CPU.Build.0 = Debug|Any CPU
		{61E09293-709D-447D-BC4C-306E3118F20C}.Release|Any CPU.ActiveCfg = Release|Any CPU
		{61E09293-709D-447D-BC4C-306E3118F20C}.Release|Any CPU.Build.0 = Release|Any CPU
		{61E09293-709D-447D-BC4C-306E3118F20C}.SingleImage|Any CPU.ActiveCfg = Release|Any CPU
		{61E09293-709D-447D-BC4C-306E3118F20C}.SingleImage|Any CPU.Build.0 = Release|Any CPU
		{7564B53B-B138-4E6F-8D37-ACDD1E51F787}.CD_ROM|Any CPU.ActiveCfg = Release|Any CPU
		{7564B53B-B138-4E6F-8D37-ACDD1E51F787}.CD_ROM|Any CPU.Build.0 = Release|Any CPU
		{7564B53B-B138-4E6F-8D37-ACDD1E51F787}.Debug|Any CPU.ActiveCfg = Debug|Any CPU
		{7564B53B-B138-4E6F-8D37-ACDD1E51F787}.Debug|Any CPU.Build.0 = Debug|Any CPU
		{7564B53B-B138-4E6F-8D37-ACDD1E51F787}.DVD-5|Any CPU.ActiveCfg = Debug|Any CPU
		{7564B53B-B138-4E6F-8D37-ACDD1E51F787}.DVD-5|Any CPU.Build.0 = Debug|Any CPU
		{7564B53B-B138-4E6F-8D37-ACDD1E51F787}.Release|Any CPU.ActiveCfg = Release|Any CPU
		{7564B53B-B138-4E6F-8D37-ACDD1E51F787}.Release|Any CPU.Build.0 = Release|Any CPU
		{7564B53B-B138-4E6F-8D37-ACDD1E51F787}.SingleImage|Any CPU.ActiveCfg = Release|Any CPU
		{7564B53B-B138-4E6F-8D37-ACDD1E51F787}.SingleImage|Any CPU.Build.0 = Release|Any CPU
		{0F1F4A8F-44FD-4537-88A1-21034AC4335A}.CD_ROM|Any CPU.ActiveCfg = Release|Any CPU
		{0F1F4A8F-44FD-4537-88A1-21034AC4335A}.CD_ROM|Any CPU.Build.0 = Release|Any CPU
		{0F1F4A8F-44FD-4537-88A1-21034AC4335A}.Debug|Any CPU.ActiveCfg = Debug|Any CPU
		{0F1F4A8F-44FD-4537-88A1-21034AC4335A}.Debug|Any CPU.Build.0 = Debug|Any CPU
		{0F1F4A8F-44FD-4537-88A1-21034AC4335A}.DVD-5|Any CPU.ActiveCfg = Debug|Any CPU
		{0F1F4A8F-44FD-4537-88A1-21034AC4335A}.DVD-5|Any CPU.Build.0 = Debug|Any CPU
		{0F1F4A8F-44FD-4537-88A1-21034AC4335A}.Release|Any CPU.ActiveCfg = Release|Any CPU
		{0F1F4A8F-44FD-4537-88A1-21034AC4335A}.Release|Any CPU.Build.0 = Release|Any CPU
		{0F1F4A8F-44FD-4537-88A1-21034AC4335A}.SingleImage|Any CPU.ActiveCfg = Release|Any CPU
		{0F1F4A8F-44FD-4537-88A1-21034AC4335A}.SingleImage|Any CPU.Build.0 = Release|Any CPU
		{2FEC93AB-A5DE-49EE-84E5-43090C2B007B}.CD_ROM|Any CPU.ActiveCfg = Release|Any CPU
		{2FEC93AB-A5DE-49EE-84E5-43090C2B007B}.CD_ROM|Any CPU.Build.0 = Release|Any CPU
		{2FEC93AB-A5DE-49EE-84E5-43090C2B007B}.Debug|Any CPU.ActiveCfg = Debug|Any CPU
		{2FEC93AB-A5DE-49EE-84E5-43090C2B007B}.Debug|Any CPU.Build.0 = Debug|Any CPU
		{2FEC93AB-A5DE-49EE-84E5-43090C2B007B}.DVD-5|Any CPU.ActiveCfg = Debug|Any CPU
		{2FEC93AB-A5DE-49EE-84E5-43090C2B007B}.DVD-5|Any CPU.Build.0 = Debug|Any CPU
		{2FEC93AB-A5DE-49EE-84E5-43090C2B007B}.Release|Any CPU.ActiveCfg = Release|Any CPU
		{2FEC93AB-A5DE-49EE-84E5-43090C2B007B}.Release|Any CPU.Build.0 = Release|Any CPU
		{2FEC93AB-A5DE-49EE-84E5-43090C2B007B}.SingleImage|Any CPU.ActiveCfg = Release|Any CPU
		{2FEC93AB-A5DE-49EE-84E5-43090C2B007B}.SingleImage|Any CPU.Build.0 = Release|Any CPU
		{EC22BB98-1C31-4B87-8A82-FF0345A007E5}.CD_ROM|Any CPU.ActiveCfg = CD_ROM
		{EC22BB98-1C31-4B87-8A82-FF0345A007E5}.CD_ROM|Any CPU.Build.0 = CD_ROM
		{EC22BB98-1C31-4B87-8A82-FF0345A007E5}.Debug|Any CPU.ActiveCfg = SingleImage
		{EC22BB98-1C31-4B87-8A82-FF0345A007E5}.Debug|Any CPU.Build.0 = SingleImage
		{EC22BB98-1C31-4B87-8A82-FF0345A007E5}.DVD-5|Any CPU.ActiveCfg = DVD-5
		{EC22BB98-1C31-4B87-8A82-FF0345A007E5}.DVD-5|Any CPU.Build.0 = DVD-5
		{EC22BB98-1C31-4B87-8A82-FF0345A007E5}.Release|Any CPU.ActiveCfg = SingleImage
		{EC22BB98-1C31-4B87-8A82-FF0345A007E5}.Release|Any CPU.Build.0 = SingleImage
		{EC22BB98-1C31-4B87-8A82-FF0345A007E5}.SingleImage|Any CPU.ActiveCfg = SingleImage
		{EC22BB98-1C31-4B87-8A82-FF0345A007E5}.SingleImage|Any CPU.Build.0 = SingleImage
		{7DC25FC9-21D8-4BFB-8F90-A243AA61EFFE}.CD_ROM|Any CPU.ActiveCfg = Release|Any CPU
		{7DC25FC9-21D8-4BFB-8F90-A243AA61EFFE}.CD_ROM|Any CPU.Build.0 = Release|Any CPU
		{7DC25FC9-21D8-4BFB-8F90-A243AA61EFFE}.Debug|Any CPU.ActiveCfg = Debug|Any CPU
		{7DC25FC9-21D8-4BFB-8F90-A243AA61EFFE}.Debug|Any CPU.Build.0 = Debug|Any CPU
		{7DC25FC9-21D8-4BFB-8F90-A243AA61EFFE}.DVD-5|Any CPU.ActiveCfg = Debug|Any CPU
		{7DC25FC9-21D8-4BFB-8F90-A243AA61EFFE}.DVD-5|Any CPU.Build.0 = Debug|Any CPU
		{7DC25FC9-21D8-4BFB-8F90-A243AA61EFFE}.Release|Any CPU.ActiveCfg = Release|Any CPU
		{7DC25FC9-21D8-4BFB-8F90-A243AA61EFFE}.Release|Any CPU.Build.0 = Release|Any CPU
		{7DC25FC9-21D8-4BFB-8F90-A243AA61EFFE}.SingleImage|Any CPU.ActiveCfg = Release|Any CPU
		{7DC25FC9-21D8-4BFB-8F90-A243AA61EFFE}.SingleImage|Any CPU.Build.0 = Release|Any CPU
	EndGlobalSection
	GlobalSection(SolutionProperties) = preSolution
		HideSolutionNode = FALSE
	EndGlobalSection
EndGlobal
