
Microsoft Visual Studio Solution File, Format Version 12.00
# Visual Studio 14
VisualStudioVersion = 14.0.25420.1
MinimumVisualStudioVersion = 10.0.40219.1
Project("{FAE04EC0-301F-11D3-BF4B-00C04F79EFBC}") = "Zave", "Zave\Zave.csproj", "{4E456E7F-FA26-4D6F-A99A-99DC0D481982}"
EndProject
Project("{FAE04EC0-301F-11D3-BF4B-00C04F79EFBC}") = "ZaveController", "ZaveEvents\ZaveController.csproj", "{6BCC0D8D-FDCA-4BB4-9824-242878FBBE36}"
EndProject
Project("{FAE04EC0-301F-11D3-BF4B-00C04F79EFBC}") = "ZaveModel", "ZaveModel\ZaveModel.csproj", "{6B255A10-65F0-400A-9B9D-1254CD934ECC}"
EndProject
Project("{FAE04EC0-301F-11D3-BF4B-00C04F79EFBC}") = "ZaveViewModel", "ZaveMVVM\ZaveViewModel.csproj", "{61E09293-709D-447D-BC4C-306E3118F20C}"
EndProject
Project("{FAE04EC0-301F-11D3-BF4B-00C04F79EFBC}") = "ZaveService", "ZaveService\ZaveService.csproj", "{7564B53B-B138-4E6F-8D37-ACDD1E51F787}"
EndProject
Project("{FAE04EC0-301F-11D3-BF4B-00C04F79EFBC}") = "ZaveGlobalSettings", "ZaveGlobalSettings\ZaveGlobalSettings.csproj", "{0F1F4A8F-44FD-4537-88A1-21034AC4335A}"
EndProject
Project("{FAE04EC0-301F-11D3-BF4B-00C04F79EFBC}") = "ZaveWordAddin", "FirstWordAddIn\ZaveWordAddin.csproj", "{2FEC93AB-A5DE-49EE-84E5-43090C2B007B}"
EndProject
Project("{6141683F-8A12-4E36-9623-2EB02B2C2303}") = "ZaveSetup", "ZaveSetup\ZaveSetup\ZaveSetup.isproj", "{EC22BB98-1C31-4B87-8A82-FF0345A007E5}"
	ProjectSection(ProjectDependencies) = postProject
		{2FEC93AB-A5DE-49EE-84E5-43090C2B007B} = {2FEC93AB-A5DE-49EE-84E5-43090C2B007B}
		{7DC25FC9-21D8-4BFB-8F90-A243AA61EFFE} = {7DC25FC9-21D8-4BFB-8F90-A243AA61EFFE}
	EndProjectSection
EndProject
Project("{FAE04EC0-301F-11D3-BF4B-00C04F79EFBC}") = "SetZaveWordDocumentProperties", "SetZaveWordDocumentProperties\SetZaveWordDocumentProperties.csproj", "{7DC25FC9-21D8-4BFB-8F90-A243AA61EFFE}"
EndProject
Project("{FAE04EC0-301F-11D3-BF4B-00C04F79EFBC}") = "ZaveServiceTest", "ZaveServiceTest\ZaveServiceTest.csproj", "{FAA8156D-0085-4B12-B7CC-0F222ECC9921}"
EndProject
Project("{FAE04EC0-301F-11D3-BF4B-00C04F79EFBC}") = "Prism", "..\..\..\..\Desktop\Prism-Prism.v6.2.0\Source\Prism\Prism.csproj", "{E6C50355-D01E-4CAA-884D-D7929861315C}"
EndProject
Project("{FAE04EC0-301F-11D3-BF4B-00C04F79EFBC}") = "ZaveGlobalTestProject", "ZaveGlobalTestProject\ZaveGlobalTestProject.csproj", "{E3185B9F-6321-4769-9DCF-993D167C6829}"
EndProject
Global
	GlobalSection(SolutionConfigurationPlatforms) = preSolution
		CD_ROM|Any CPU = CD_ROM|Any CPU
		CD_ROM|ARM = CD_ROM|ARM
		CD_ROM|x64 = CD_ROM|x64
		CD_ROM|x86 = CD_ROM|x86
		Debug|Any CPU = Debug|Any CPU
		Debug|ARM = Debug|ARM
		Debug|x64 = Debug|x64
		Debug|x86 = Debug|x86
		DVD-5|Any CPU = DVD-5|Any CPU
		DVD-5|ARM = DVD-5|ARM
		DVD-5|x64 = DVD-5|x64
		DVD-5|x86 = DVD-5|x86
		Release|Any CPU = Release|Any CPU
		Release|ARM = Release|ARM
		Release|x64 = Release|x64
		Release|x86 = Release|x86
		Release-Signed|Any CPU = Release-Signed|Any CPU
		Release-Signed|ARM = Release-Signed|ARM
		Release-Signed|x64 = Release-Signed|x64
		Release-Signed|x86 = Release-Signed|x86
		SingleImage|Any CPU = SingleImage|Any CPU
		SingleImage|ARM = SingleImage|ARM
		SingleImage|x64 = SingleImage|x64
		SingleImage|x86 = SingleImage|x86
		Test|Any CPU = Test|Any CPU
		Test|ARM = Test|ARM
		Test|x64 = Test|x64
		Test|x86 = Test|x86
	EndGlobalSection
	GlobalSection(ProjectConfigurationPlatforms) = postSolution
		{4E456E7F-FA26-4D6F-A99A-99DC0D481982}.CD_ROM|Any CPU.ActiveCfg = Debug|Any CPU
		{4E456E7F-FA26-4D6F-A99A-99DC0D481982}.CD_ROM|Any CPU.Build.0 = Debug|Any CPU
		{4E456E7F-FA26-4D6F-A99A-99DC0D481982}.CD_ROM|ARM.ActiveCfg = Debug|Any CPU
		{4E456E7F-FA26-4D6F-A99A-99DC0D481982}.CD_ROM|ARM.Build.0 = Debug|Any CPU
		{4E456E7F-FA26-4D6F-A99A-99DC0D481982}.CD_ROM|x64.ActiveCfg = Debug|Any CPU
		{4E456E7F-FA26-4D6F-A99A-99DC0D481982}.CD_ROM|x64.Build.0 = Debug|Any CPU
		{4E456E7F-FA26-4D6F-A99A-99DC0D481982}.CD_ROM|x86.ActiveCfg = Debug|Any CPU
		{4E456E7F-FA26-4D6F-A99A-99DC0D481982}.CD_ROM|x86.Build.0 = Debug|Any CPU
		{4E456E7F-FA26-4D6F-A99A-99DC0D481982}.Debug|Any CPU.ActiveCfg = Debug|Any CPU
		{4E456E7F-FA26-4D6F-A99A-99DC0D481982}.Debug|Any CPU.Build.0 = Debug|Any CPU
		{4E456E7F-FA26-4D6F-A99A-99DC0D481982}.Debug|ARM.ActiveCfg = Debug|Any CPU
		{4E456E7F-FA26-4D6F-A99A-99DC0D481982}.Debug|ARM.Build.0 = Debug|Any CPU
		{4E456E7F-FA26-4D6F-A99A-99DC0D481982}.Debug|x64.ActiveCfg = Debug|Any CPU
		{4E456E7F-FA26-4D6F-A99A-99DC0D481982}.Debug|x64.Build.0 = Debug|Any CPU
		{4E456E7F-FA26-4D6F-A99A-99DC0D481982}.Debug|x86.ActiveCfg = Debug|Any CPU
		{4E456E7F-FA26-4D6F-A99A-99DC0D481982}.Debug|x86.Build.0 = Debug|Any CPU
		{4E456E7F-FA26-4D6F-A99A-99DC0D481982}.DVD-5|Any CPU.ActiveCfg = Debug|Any CPU
		{4E456E7F-FA26-4D6F-A99A-99DC0D481982}.DVD-5|Any CPU.Build.0 = Debug|Any CPU
		{4E456E7F-FA26-4D6F-A99A-99DC0D481982}.DVD-5|ARM.ActiveCfg = Debug|Any CPU
		{4E456E7F-FA26-4D6F-A99A-99DC0D481982}.DVD-5|ARM.Build.0 = Debug|Any CPU
		{4E456E7F-FA26-4D6F-A99A-99DC0D481982}.DVD-5|x64.ActiveCfg = Debug|Any CPU
		{4E456E7F-FA26-4D6F-A99A-99DC0D481982}.DVD-5|x64.Build.0 = Debug|Any CPU
		{4E456E7F-FA26-4D6F-A99A-99DC0D481982}.DVD-5|x86.ActiveCfg = Debug|Any CPU
		{4E456E7F-FA26-4D6F-A99A-99DC0D481982}.DVD-5|x86.Build.0 = Debug|Any CPU
		{4E456E7F-FA26-4D6F-A99A-99DC0D481982}.Release|Any CPU.ActiveCfg = Debug|Any CPU
		{4E456E7F-FA26-4D6F-A99A-99DC0D481982}.Release|Any CPU.Build.0 = Debug|Any CPU
		{4E456E7F-FA26-4D6F-A99A-99DC0D481982}.Release|ARM.ActiveCfg = Release|Any CPU
		{4E456E7F-FA26-4D6F-A99A-99DC0D481982}.Release|ARM.Build.0 = Release|Any CPU
		{4E456E7F-FA26-4D6F-A99A-99DC0D481982}.Release|x64.ActiveCfg = Release|Any CPU
		{4E456E7F-FA26-4D6F-A99A-99DC0D481982}.Release|x64.Build.0 = Release|Any CPU
		{4E456E7F-FA26-4D6F-A99A-99DC0D481982}.Release|x86.ActiveCfg = Release|Any CPU
		{4E456E7F-FA26-4D6F-A99A-99DC0D481982}.Release|x86.Build.0 = Release|Any CPU
		{4E456E7F-FA26-4D6F-A99A-99DC0D481982}.Release-Signed|Any CPU.ActiveCfg = Debug|Any CPU
		{4E456E7F-FA26-4D6F-A99A-99DC0D481982}.Release-Signed|Any CPU.Build.0 = Debug|Any CPU
		{4E456E7F-FA26-4D6F-A99A-99DC0D481982}.Release-Signed|ARM.ActiveCfg = Release|Any CPU
		{4E456E7F-FA26-4D6F-A99A-99DC0D481982}.Release-Signed|ARM.Build.0 = Release|Any CPU
		{4E456E7F-FA26-4D6F-A99A-99DC0D481982}.Release-Signed|x64.ActiveCfg = Release|Any CPU
		{4E456E7F-FA26-4D6F-A99A-99DC0D481982}.Release-Signed|x64.Build.0 = Release|Any CPU
		{4E456E7F-FA26-4D6F-A99A-99DC0D481982}.Release-Signed|x86.ActiveCfg = Release|Any CPU
		{4E456E7F-FA26-4D6F-A99A-99DC0D481982}.Release-Signed|x86.Build.0 = Release|Any CPU
		{4E456E7F-FA26-4D6F-A99A-99DC0D481982}.SingleImage|Any CPU.ActiveCfg = Debug|Any CPU
		{4E456E7F-FA26-4D6F-A99A-99DC0D481982}.SingleImage|Any CPU.Build.0 = Debug|Any CPU
		{4E456E7F-FA26-4D6F-A99A-99DC0D481982}.SingleImage|ARM.ActiveCfg = Debug|Any CPU
		{4E456E7F-FA26-4D6F-A99A-99DC0D481982}.SingleImage|ARM.Build.0 = Debug|Any CPU
		{4E456E7F-FA26-4D6F-A99A-99DC0D481982}.SingleImage|x64.ActiveCfg = Debug|Any CPU
		{4E456E7F-FA26-4D6F-A99A-99DC0D481982}.SingleImage|x64.Build.0 = Debug|Any CPU
		{4E456E7F-FA26-4D6F-A99A-99DC0D481982}.SingleImage|x86.ActiveCfg = Debug|Any CPU
		{4E456E7F-FA26-4D6F-A99A-99DC0D481982}.SingleImage|x86.Build.0 = Debug|Any CPU
		{4E456E7F-FA26-4D6F-A99A-99DC0D481982}.Test|Any CPU.ActiveCfg = Debug|Any CPU
		{4E456E7F-FA26-4D6F-A99A-99DC0D481982}.Test|Any CPU.Build.0 = Debug|Any CPU
		{4E456E7F-FA26-4D6F-A99A-99DC0D481982}.Test|ARM.ActiveCfg = Debug|Any CPU
		{4E456E7F-FA26-4D6F-A99A-99DC0D481982}.Test|ARM.Build.0 = Debug|Any CPU
		{4E456E7F-FA26-4D6F-A99A-99DC0D481982}.Test|x64.ActiveCfg = Debug|Any CPU
		{4E456E7F-FA26-4D6F-A99A-99DC0D481982}.Test|x64.Build.0 = Debug|Any CPU
		{4E456E7F-FA26-4D6F-A99A-99DC0D481982}.Test|x86.ActiveCfg = Debug|Any CPU
		{4E456E7F-FA26-4D6F-A99A-99DC0D481982}.Test|x86.Build.0 = Debug|Any CPU
		{6BCC0D8D-FDCA-4BB4-9824-242878FBBE36}.CD_ROM|Any CPU.ActiveCfg = Debug|Any CPU
		{6BCC0D8D-FDCA-4BB4-9824-242878FBBE36}.CD_ROM|Any CPU.Build.0 = Debug|Any CPU
		{6BCC0D8D-FDCA-4BB4-9824-242878FBBE36}.CD_ROM|ARM.ActiveCfg = Debug|Any CPU
		{6BCC0D8D-FDCA-4BB4-9824-242878FBBE36}.CD_ROM|ARM.Build.0 = Debug|Any CPU
		{6BCC0D8D-FDCA-4BB4-9824-242878FBBE36}.CD_ROM|x64.ActiveCfg = Debug|Any CPU
		{6BCC0D8D-FDCA-4BB4-9824-242878FBBE36}.CD_ROM|x64.Build.0 = Debug|Any CPU
		{6BCC0D8D-FDCA-4BB4-9824-242878FBBE36}.CD_ROM|x86.ActiveCfg = Debug|Any CPU
		{6BCC0D8D-FDCA-4BB4-9824-242878FBBE36}.CD_ROM|x86.Build.0 = Debug|Any CPU
		{6BCC0D8D-FDCA-4BB4-9824-242878FBBE36}.Debug|Any CPU.ActiveCfg = Debug|Any CPU
		{6BCC0D8D-FDCA-4BB4-9824-242878FBBE36}.Debug|Any CPU.Build.0 = Debug|Any CPU
		{6BCC0D8D-FDCA-4BB4-9824-242878FBBE36}.Debug|ARM.ActiveCfg = Debug|Any CPU
		{6BCC0D8D-FDCA-4BB4-9824-242878FBBE36}.Debug|ARM.Build.0 = Debug|Any CPU
		{6BCC0D8D-FDCA-4BB4-9824-242878FBBE36}.Debug|x64.ActiveCfg = Debug|Any CPU
		{6BCC0D8D-FDCA-4BB4-9824-242878FBBE36}.Debug|x64.Build.0 = Debug|Any CPU
		{6BCC0D8D-FDCA-4BB4-9824-242878FBBE36}.Debug|x86.ActiveCfg = Debug|Any CPU
		{6BCC0D8D-FDCA-4BB4-9824-242878FBBE36}.Debug|x86.Build.0 = Debug|Any CPU
		{6BCC0D8D-FDCA-4BB4-9824-242878FBBE36}.DVD-5|Any CPU.ActiveCfg = Debug|Any CPU
		{6BCC0D8D-FDCA-4BB4-9824-242878FBBE36}.DVD-5|Any CPU.Build.0 = Debug|Any CPU
		{6BCC0D8D-FDCA-4BB4-9824-242878FBBE36}.DVD-5|ARM.ActiveCfg = Debug|Any CPU
		{6BCC0D8D-FDCA-4BB4-9824-242878FBBE36}.DVD-5|ARM.Build.0 = Debug|Any CPU
		{6BCC0D8D-FDCA-4BB4-9824-242878FBBE36}.DVD-5|x64.ActiveCfg = Debug|Any CPU
		{6BCC0D8D-FDCA-4BB4-9824-242878FBBE36}.DVD-5|x64.Build.0 = Debug|Any CPU
		{6BCC0D8D-FDCA-4BB4-9824-242878FBBE36}.DVD-5|x86.ActiveCfg = Debug|Any CPU
		{6BCC0D8D-FDCA-4BB4-9824-242878FBBE36}.DVD-5|x86.Build.0 = Debug|Any CPU
		{6BCC0D8D-FDCA-4BB4-9824-242878FBBE36}.Release|Any CPU.ActiveCfg = Debug|Any CPU
		{6BCC0D8D-FDCA-4BB4-9824-242878FBBE36}.Release|Any CPU.Build.0 = Debug|Any CPU
		{6BCC0D8D-FDCA-4BB4-9824-242878FBBE36}.Release|ARM.ActiveCfg = Release|Any CPU
		{6BCC0D8D-FDCA-4BB4-9824-242878FBBE36}.Release|ARM.Build.0 = Release|Any CPU
		{6BCC0D8D-FDCA-4BB4-9824-242878FBBE36}.Release|x64.ActiveCfg = Release|Any CPU
		{6BCC0D8D-FDCA-4BB4-9824-242878FBBE36}.Release|x64.Build.0 = Release|Any CPU
		{6BCC0D8D-FDCA-4BB4-9824-242878FBBE36}.Release|x86.ActiveCfg = Release|Any CPU
		{6BCC0D8D-FDCA-4BB4-9824-242878FBBE36}.Release|x86.Build.0 = Release|Any CPU
		{6BCC0D8D-FDCA-4BB4-9824-242878FBBE36}.Release-Signed|Any CPU.ActiveCfg = Debug|Any CPU
		{6BCC0D8D-FDCA-4BB4-9824-242878FBBE36}.Release-Signed|Any CPU.Build.0 = Debug|Any CPU
		{6BCC0D8D-FDCA-4BB4-9824-242878FBBE36}.Release-Signed|ARM.ActiveCfg = Release|Any CPU
		{6BCC0D8D-FDCA-4BB4-9824-242878FBBE36}.Release-Signed|ARM.Build.0 = Release|Any CPU
		{6BCC0D8D-FDCA-4BB4-9824-242878FBBE36}.Release-Signed|x64.ActiveCfg = Release|Any CPU
		{6BCC0D8D-FDCA-4BB4-9824-242878FBBE36}.Release-Signed|x64.Build.0 = Release|Any CPU
		{6BCC0D8D-FDCA-4BB4-9824-242878FBBE36}.Release-Signed|x86.ActiveCfg = Release|Any CPU
		{6BCC0D8D-FDCA-4BB4-9824-242878FBBE36}.Release-Signed|x86.Build.0 = Release|Any CPU
		{6BCC0D8D-FDCA-4BB4-9824-242878FBBE36}.SingleImage|Any CPU.ActiveCfg = Debug|Any CPU
		{6BCC0D8D-FDCA-4BB4-9824-242878FBBE36}.SingleImage|Any CPU.Build.0 = Debug|Any CPU
		{6BCC0D8D-FDCA-4BB4-9824-242878FBBE36}.SingleImage|ARM.ActiveCfg = Debug|Any CPU
		{6BCC0D8D-FDCA-4BB4-9824-242878FBBE36}.SingleImage|ARM.Build.0 = Debug|Any CPU
		{6BCC0D8D-FDCA-4BB4-9824-242878FBBE36}.SingleImage|x64.ActiveCfg = Debug|Any CPU
		{6BCC0D8D-FDCA-4BB4-9824-242878FBBE36}.SingleImage|x64.Build.0 = Debug|Any CPU
		{6BCC0D8D-FDCA-4BB4-9824-242878FBBE36}.SingleImage|x86.ActiveCfg = Debug|Any CPU
		{6BCC0D8D-FDCA-4BB4-9824-242878FBBE36}.SingleImage|x86.Build.0 = Debug|Any CPU
		{6BCC0D8D-FDCA-4BB4-9824-242878FBBE36}.Test|Any CPU.ActiveCfg = Debug|Any CPU
		{6BCC0D8D-FDCA-4BB4-9824-242878FBBE36}.Test|Any CPU.Build.0 = Debug|Any CPU
		{6BCC0D8D-FDCA-4BB4-9824-242878FBBE36}.Test|ARM.ActiveCfg = Debug|Any CPU
		{6BCC0D8D-FDCA-4BB4-9824-242878FBBE36}.Test|ARM.Build.0 = Debug|Any CPU
		{6BCC0D8D-FDCA-4BB4-9824-242878FBBE36}.Test|x64.ActiveCfg = Debug|Any CPU
		{6BCC0D8D-FDCA-4BB4-9824-242878FBBE36}.Test|x64.Build.0 = Debug|Any CPU
		{6BCC0D8D-FDCA-4BB4-9824-242878FBBE36}.Test|x86.ActiveCfg = Debug|Any CPU
		{6BCC0D8D-FDCA-4BB4-9824-242878FBBE36}.Test|x86.Build.0 = Debug|Any CPU
		{6B255A10-65F0-400A-9B9D-1254CD934ECC}.CD_ROM|Any CPU.ActiveCfg = Debug|Any CPU
		{6B255A10-65F0-400A-9B9D-1254CD934ECC}.CD_ROM|Any CPU.Build.0 = Debug|Any CPU
		{6B255A10-65F0-400A-9B9D-1254CD934ECC}.CD_ROM|ARM.ActiveCfg = Debug|Any CPU
		{6B255A10-65F0-400A-9B9D-1254CD934ECC}.CD_ROM|ARM.Build.0 = Debug|Any CPU
		{6B255A10-65F0-400A-9B9D-1254CD934ECC}.CD_ROM|x64.ActiveCfg = Debug|Any CPU
		{6B255A10-65F0-400A-9B9D-1254CD934ECC}.CD_ROM|x64.Build.0 = Debug|Any CPU
		{6B255A10-65F0-400A-9B9D-1254CD934ECC}.CD_ROM|x86.ActiveCfg = Debug|Any CPU
		{6B255A10-65F0-400A-9B9D-1254CD934ECC}.CD_ROM|x86.Build.0 = Debug|Any CPU
		{6B255A10-65F0-400A-9B9D-1254CD934ECC}.Debug|Any CPU.ActiveCfg = Debug|Any CPU
		{6B255A10-65F0-400A-9B9D-1254CD934ECC}.Debug|Any CPU.Build.0 = Debug|Any CPU
		{6B255A10-65F0-400A-9B9D-1254CD934ECC}.Debug|ARM.ActiveCfg = Debug|Any CPU
		{6B255A10-65F0-400A-9B9D-1254CD934ECC}.Debug|ARM.Build.0 = Debug|Any CPU
		{6B255A10-65F0-400A-9B9D-1254CD934ECC}.Debug|x64.ActiveCfg = Debug|Any CPU
		{6B255A10-65F0-400A-9B9D-1254CD934ECC}.Debug|x64.Build.0 = Debug|Any CPU
		{6B255A10-65F0-400A-9B9D-1254CD934ECC}.Debug|x86.ActiveCfg = Debug|Any CPU
		{6B255A10-65F0-400A-9B9D-1254CD934ECC}.Debug|x86.Build.0 = Debug|Any CPU
		{6B255A10-65F0-400A-9B9D-1254CD934ECC}.DVD-5|Any CPU.ActiveCfg = Debug|Any CPU
		{6B255A10-65F0-400A-9B9D-1254CD934ECC}.DVD-5|Any CPU.Build.0 = Debug|Any CPU
		{6B255A10-65F0-400A-9B9D-1254CD934ECC}.DVD-5|ARM.ActiveCfg = Debug|Any CPU
		{6B255A10-65F0-400A-9B9D-1254CD934ECC}.DVD-5|ARM.Build.0 = Debug|Any CPU
		{6B255A10-65F0-400A-9B9D-1254CD934ECC}.DVD-5|x64.ActiveCfg = Debug|Any CPU
		{6B255A10-65F0-400A-9B9D-1254CD934ECC}.DVD-5|x64.Build.0 = Debug|Any CPU
		{6B255A10-65F0-400A-9B9D-1254CD934ECC}.DVD-5|x86.ActiveCfg = Debug|Any CPU
		{6B255A10-65F0-400A-9B9D-1254CD934ECC}.DVD-5|x86.Build.0 = Debug|Any CPU
		{6B255A10-65F0-400A-9B9D-1254CD934ECC}.Release|Any CPU.ActiveCfg = Debug|Any CPU
		{6B255A10-65F0-400A-9B9D-1254CD934ECC}.Release|Any CPU.Build.0 = Debug|Any CPU
		{6B255A10-65F0-400A-9B9D-1254CD934ECC}.Release|ARM.ActiveCfg = Release|Any CPU
		{6B255A10-65F0-400A-9B9D-1254CD934ECC}.Release|ARM.Build.0 = Release|Any CPU
		{6B255A10-65F0-400A-9B9D-1254CD934ECC}.Release|x64.ActiveCfg = Release|Any CPU
		{6B255A10-65F0-400A-9B9D-1254CD934ECC}.Release|x64.Build.0 = Release|Any CPU
		{6B255A10-65F0-400A-9B9D-1254CD934ECC}.Release|x86.ActiveCfg = Release|Any CPU
		{6B255A10-65F0-400A-9B9D-1254CD934ECC}.Release|x86.Build.0 = Release|Any CPU
		{6B255A10-65F0-400A-9B9D-1254CD934ECC}.Release-Signed|Any CPU.ActiveCfg = Debug|Any CPU
		{6B255A10-65F0-400A-9B9D-1254CD934ECC}.Release-Signed|Any CPU.Build.0 = Debug|Any CPU
		{6B255A10-65F0-400A-9B9D-1254CD934ECC}.Release-Signed|ARM.ActiveCfg = Release|Any CPU
		{6B255A10-65F0-400A-9B9D-1254CD934ECC}.Release-Signed|ARM.Build.0 = Release|Any CPU
		{6B255A10-65F0-400A-9B9D-1254CD934ECC}.Release-Signed|x64.ActiveCfg = Release|Any CPU
		{6B255A10-65F0-400A-9B9D-1254CD934ECC}.Release-Signed|x64.Build.0 = Release|Any CPU
		{6B255A10-65F0-400A-9B9D-1254CD934ECC}.Release-Signed|x86.ActiveCfg = Release|Any CPU
		{6B255A10-65F0-400A-9B9D-1254CD934ECC}.Release-Signed|x86.Build.0 = Release|Any CPU
		{6B255A10-65F0-400A-9B9D-1254CD934ECC}.SingleImage|Any CPU.ActiveCfg = Debug|Any CPU
		{6B255A10-65F0-400A-9B9D-1254CD934ECC}.SingleImage|Any CPU.Build.0 = Debug|Any CPU
		{6B255A10-65F0-400A-9B9D-1254CD934ECC}.SingleImage|ARM.ActiveCfg = Debug|Any CPU
		{6B255A10-65F0-400A-9B9D-1254CD934ECC}.SingleImage|ARM.Build.0 = Debug|Any CPU
		{6B255A10-65F0-400A-9B9D-1254CD934ECC}.SingleImage|x64.ActiveCfg = Debug|Any CPU
		{6B255A10-65F0-400A-9B9D-1254CD934ECC}.SingleImage|x64.Build.0 = Debug|Any CPU
		{6B255A10-65F0-400A-9B9D-1254CD934ECC}.SingleImage|x86.ActiveCfg = Debug|Any CPU
		{6B255A10-65F0-400A-9B9D-1254CD934ECC}.SingleImage|x86.Build.0 = Debug|Any CPU
		{6B255A10-65F0-400A-9B9D-1254CD934ECC}.Test|Any CPU.ActiveCfg = Debug|Any CPU
		{6B255A10-65F0-400A-9B9D-1254CD934ECC}.Test|Any CPU.Build.0 = Debug|Any CPU
		{6B255A10-65F0-400A-9B9D-1254CD934ECC}.Test|ARM.ActiveCfg = Debug|Any CPU
		{6B255A10-65F0-400A-9B9D-1254CD934ECC}.Test|ARM.Build.0 = Debug|Any CPU
		{6B255A10-65F0-400A-9B9D-1254CD934ECC}.Test|x64.ActiveCfg = Debug|Any CPU
		{6B255A10-65F0-400A-9B9D-1254CD934ECC}.Test|x64.Build.0 = Debug|Any CPU
		{6B255A10-65F0-400A-9B9D-1254CD934ECC}.Test|x86.ActiveCfg = Debug|Any CPU
		{6B255A10-65F0-400A-9B9D-1254CD934ECC}.Test|x86.Build.0 = Debug|Any CPU
		{61E09293-709D-447D-BC4C-306E3118F20C}.CD_ROM|Any CPU.ActiveCfg = Debug|Any CPU
		{61E09293-709D-447D-BC4C-306E3118F20C}.CD_ROM|Any CPU.Build.0 = Debug|Any CPU
		{61E09293-709D-447D-BC4C-306E3118F20C}.CD_ROM|ARM.ActiveCfg = Debug|Any CPU
		{61E09293-709D-447D-BC4C-306E3118F20C}.CD_ROM|ARM.Build.0 = Debug|Any CPU
		{61E09293-709D-447D-BC4C-306E3118F20C}.CD_ROM|x64.ActiveCfg = Debug|Any CPU
		{61E09293-709D-447D-BC4C-306E3118F20C}.CD_ROM|x64.Build.0 = Debug|Any CPU
		{61E09293-709D-447D-BC4C-306E3118F20C}.CD_ROM|x86.ActiveCfg = Debug|Any CPU
		{61E09293-709D-447D-BC4C-306E3118F20C}.CD_ROM|x86.Build.0 = Debug|Any CPU
		{61E09293-709D-447D-BC4C-306E3118F20C}.Debug|Any CPU.ActiveCfg = Debug|Any CPU
		{61E09293-709D-447D-BC4C-306E3118F20C}.Debug|Any CPU.Build.0 = Debug|Any CPU
		{61E09293-709D-447D-BC4C-306E3118F20C}.Debug|ARM.ActiveCfg = Debug|Any CPU
		{61E09293-709D-447D-BC4C-306E3118F20C}.Debug|ARM.Build.0 = Debug|Any CPU
		{61E09293-709D-447D-BC4C-306E3118F20C}.Debug|x64.ActiveCfg = Debug|Any CPU
		{61E09293-709D-447D-BC4C-306E3118F20C}.Debug|x64.Build.0 = Debug|Any CPU
		{61E09293-709D-447D-BC4C-306E3118F20C}.Debug|x86.ActiveCfg = Debug|Any CPU
		{61E09293-709D-447D-BC4C-306E3118F20C}.Debug|x86.Build.0 = Debug|Any CPU
		{61E09293-709D-447D-BC4C-306E3118F20C}.DVD-5|Any CPU.ActiveCfg = Debug|Any CPU
		{61E09293-709D-447D-BC4C-306E3118F20C}.DVD-5|Any CPU.Build.0 = Debug|Any CPU
		{61E09293-709D-447D-BC4C-306E3118F20C}.DVD-5|ARM.ActiveCfg = Debug|Any CPU
		{61E09293-709D-447D-BC4C-306E3118F20C}.DVD-5|ARM.Build.0 = Debug|Any CPU
		{61E09293-709D-447D-BC4C-306E3118F20C}.DVD-5|x64.ActiveCfg = Debug|Any CPU
		{61E09293-709D-447D-BC4C-306E3118F20C}.DVD-5|x64.Build.0 = Debug|Any CPU
		{61E09293-709D-447D-BC4C-306E3118F20C}.DVD-5|x86.ActiveCfg = Debug|Any CPU
		{61E09293-709D-447D-BC4C-306E3118F20C}.DVD-5|x86.Build.0 = Debug|Any CPU
		{61E09293-709D-447D-BC4C-306E3118F20C}.Release|Any CPU.ActiveCfg = Debug|Any CPU
		{61E09293-709D-447D-BC4C-306E3118F20C}.Release|Any CPU.Build.0 = Debug|Any CPU
		{61E09293-709D-447D-BC4C-306E3118F20C}.Release|ARM.ActiveCfg = Release|Any CPU
		{61E09293-709D-447D-BC4C-306E3118F20C}.Release|ARM.Build.0 = Release|Any CPU
		{61E09293-709D-447D-BC4C-306E3118F20C}.Release|x64.ActiveCfg = Release|Any CPU
		{61E09293-709D-447D-BC4C-306E3118F20C}.Release|x64.Build.0 = Release|Any CPU
		{61E09293-709D-447D-BC4C-306E3118F20C}.Release|x86.ActiveCfg = Release|Any CPU
		{61E09293-709D-447D-BC4C-306E3118F20C}.Release|x86.Build.0 = Release|Any CPU
		{61E09293-709D-447D-BC4C-306E3118F20C}.Release-Signed|Any CPU.ActiveCfg = Debug|Any CPU
		{61E09293-709D-447D-BC4C-306E3118F20C}.Release-Signed|Any CPU.Build.0 = Debug|Any CPU
		{61E09293-709D-447D-BC4C-306E3118F20C}.Release-Signed|ARM.ActiveCfg = Release|Any CPU
		{61E09293-709D-447D-BC4C-306E3118F20C}.Release-Signed|ARM.Build.0 = Release|Any CPU
		{61E09293-709D-447D-BC4C-306E3118F20C}.Release-Signed|x64.ActiveCfg = Release|Any CPU
		{61E09293-709D-447D-BC4C-306E3118F20C}.Release-Signed|x64.Build.0 = Release|Any CPU
		{61E09293-709D-447D-BC4C-306E3118F20C}.Release-Signed|x86.ActiveCfg = Release|Any CPU
		{61E09293-709D-447D-BC4C-306E3118F20C}.Release-Signed|x86.Build.0 = Release|Any CPU
		{61E09293-709D-447D-BC4C-306E3118F20C}.SingleImage|Any CPU.ActiveCfg = Debug|Any CPU
		{61E09293-709D-447D-BC4C-306E3118F20C}.SingleImage|Any CPU.Build.0 = Debug|Any CPU
		{61E09293-709D-447D-BC4C-306E3118F20C}.SingleImage|ARM.ActiveCfg = Debug|Any CPU
		{61E09293-709D-447D-BC4C-306E3118F20C}.SingleImage|ARM.Build.0 = Debug|Any CPU
		{61E09293-709D-447D-BC4C-306E3118F20C}.SingleImage|x64.ActiveCfg = Debug|Any CPU
		{61E09293-709D-447D-BC4C-306E3118F20C}.SingleImage|x64.Build.0 = Debug|Any CPU
		{61E09293-709D-447D-BC4C-306E3118F20C}.SingleImage|x86.ActiveCfg = Debug|Any CPU
		{61E09293-709D-447D-BC4C-306E3118F20C}.SingleImage|x86.Build.0 = Debug|Any CPU
		{61E09293-709D-447D-BC4C-306E3118F20C}.Test|Any CPU.ActiveCfg = Debug|Any CPU
		{61E09293-709D-447D-BC4C-306E3118F20C}.Test|Any CPU.Build.0 = Debug|Any CPU
		{61E09293-709D-447D-BC4C-306E3118F20C}.Test|ARM.ActiveCfg = Debug|Any CPU
		{61E09293-709D-447D-BC4C-306E3118F20C}.Test|ARM.Build.0 = Debug|Any CPU
		{61E09293-709D-447D-BC4C-306E3118F20C}.Test|x64.ActiveCfg = Debug|Any CPU
		{61E09293-709D-447D-BC4C-306E3118F20C}.Test|x64.Build.0 = Debug|Any CPU
		{61E09293-709D-447D-BC4C-306E3118F20C}.Test|x86.ActiveCfg = Debug|Any CPU
		{61E09293-709D-447D-BC4C-306E3118F20C}.Test|x86.Build.0 = Debug|Any CPU
		{7564B53B-B138-4E6F-8D37-ACDD1E51F787}.CD_ROM|Any CPU.ActiveCfg = Debug|Any CPU
		{7564B53B-B138-4E6F-8D37-ACDD1E51F787}.CD_ROM|Any CPU.Build.0 = Debug|Any CPU
		{7564B53B-B138-4E6F-8D37-ACDD1E51F787}.CD_ROM|ARM.ActiveCfg = Debug|Any CPU
		{7564B53B-B138-4E6F-8D37-ACDD1E51F787}.CD_ROM|ARM.Build.0 = Debug|Any CPU
		{7564B53B-B138-4E6F-8D37-ACDD1E51F787}.CD_ROM|x64.ActiveCfg = Debug|Any CPU
		{7564B53B-B138-4E6F-8D37-ACDD1E51F787}.CD_ROM|x64.Build.0 = Debug|Any CPU
		{7564B53B-B138-4E6F-8D37-ACDD1E51F787}.CD_ROM|x86.ActiveCfg = Debug|Any CPU
		{7564B53B-B138-4E6F-8D37-ACDD1E51F787}.CD_ROM|x86.Build.0 = Debug|Any CPU
		{7564B53B-B138-4E6F-8D37-ACDD1E51F787}.Debug|Any CPU.ActiveCfg = Debug|Any CPU
		{7564B53B-B138-4E6F-8D37-ACDD1E51F787}.Debug|Any CPU.Build.0 = Debug|Any CPU
		{7564B53B-B138-4E6F-8D37-ACDD1E51F787}.Debug|ARM.ActiveCfg = Debug|Any CPU
		{7564B53B-B138-4E6F-8D37-ACDD1E51F787}.Debug|ARM.Build.0 = Debug|Any CPU
		{7564B53B-B138-4E6F-8D37-ACDD1E51F787}.Debug|x64.ActiveCfg = Debug|Any CPU
		{7564B53B-B138-4E6F-8D37-ACDD1E51F787}.Debug|x64.Build.0 = Debug|Any CPU
		{7564B53B-B138-4E6F-8D37-ACDD1E51F787}.Debug|x86.ActiveCfg = Debug|Any CPU
		{7564B53B-B138-4E6F-8D37-ACDD1E51F787}.Debug|x86.Build.0 = Debug|Any CPU
		{7564B53B-B138-4E6F-8D37-ACDD1E51F787}.DVD-5|Any CPU.ActiveCfg = Debug|Any CPU
		{7564B53B-B138-4E6F-8D37-ACDD1E51F787}.DVD-5|Any CPU.Build.0 = Debug|Any CPU
		{7564B53B-B138-4E6F-8D37-ACDD1E51F787}.DVD-5|ARM.ActiveCfg = Debug|Any CPU
		{7564B53B-B138-4E6F-8D37-ACDD1E51F787}.DVD-5|ARM.Build.0 = Debug|Any CPU
		{7564B53B-B138-4E6F-8D37-ACDD1E51F787}.DVD-5|x64.ActiveCfg = Debug|Any CPU
		{7564B53B-B138-4E6F-8D37-ACDD1E51F787}.DVD-5|x64.Build.0 = Debug|Any CPU
		{7564B53B-B138-4E6F-8D37-ACDD1E51F787}.DVD-5|x86.ActiveCfg = Debug|Any CPU
		{7564B53B-B138-4E6F-8D37-ACDD1E51F787}.DVD-5|x86.Build.0 = Debug|Any CPU
		{7564B53B-B138-4E6F-8D37-ACDD1E51F787}.Release|Any CPU.ActiveCfg = Debug|Any CPU
		{7564B53B-B138-4E6F-8D37-ACDD1E51F787}.Release|Any CPU.Build.0 = Debug|Any CPU
		{7564B53B-B138-4E6F-8D37-ACDD1E51F787}.Release|ARM.ActiveCfg = Release|Any CPU
		{7564B53B-B138-4E6F-8D37-ACDD1E51F787}.Release|ARM.Build.0 = Release|Any CPU
		{7564B53B-B138-4E6F-8D37-ACDD1E51F787}.Release|x64.ActiveCfg = Release|Any CPU
		{7564B53B-B138-4E6F-8D37-ACDD1E51F787}.Release|x64.Build.0 = Release|Any CPU
		{7564B53B-B138-4E6F-8D37-ACDD1E51F787}.Release|x86.ActiveCfg = Release|Any CPU
		{7564B53B-B138-4E6F-8D37-ACDD1E51F787}.Release|x86.Build.0 = Release|Any CPU
		{7564B53B-B138-4E6F-8D37-ACDD1E51F787}.Release-Signed|Any CPU.ActiveCfg = Debug|Any CPU
		{7564B53B-B138-4E6F-8D37-ACDD1E51F787}.Release-Signed|Any CPU.Build.0 = Debug|Any CPU
		{7564B53B-B138-4E6F-8D37-ACDD1E51F787}.Release-Signed|ARM.ActiveCfg = Release|Any CPU
		{7564B53B-B138-4E6F-8D37-ACDD1E51F787}.Release-Signed|ARM.Build.0 = Release|Any CPU
		{7564B53B-B138-4E6F-8D37-ACDD1E51F787}.Release-Signed|x64.ActiveCfg = Release|Any CPU
		{7564B53B-B138-4E6F-8D37-ACDD1E51F787}.Release-Signed|x64.Build.0 = Release|Any CPU
		{7564B53B-B138-4E6F-8D37-ACDD1E51F787}.Release-Signed|x86.ActiveCfg = Release|Any CPU
		{7564B53B-B138-4E6F-8D37-ACDD1E51F787}.Release-Signed|x86.Build.0 = Release|Any CPU
		{7564B53B-B138-4E6F-8D37-ACDD1E51F787}.SingleImage|Any CPU.ActiveCfg = Debug|Any CPU
		{7564B53B-B138-4E6F-8D37-ACDD1E51F787}.SingleImage|Any CPU.Build.0 = Debug|Any CPU
		{7564B53B-B138-4E6F-8D37-ACDD1E51F787}.SingleImage|ARM.ActiveCfg = Debug|Any CPU
		{7564B53B-B138-4E6F-8D37-ACDD1E51F787}.SingleImage|ARM.Build.0 = Debug|Any CPU
		{7564B53B-B138-4E6F-8D37-ACDD1E51F787}.SingleImage|x64.ActiveCfg = Debug|Any CPU
		{7564B53B-B138-4E6F-8D37-ACDD1E51F787}.SingleImage|x64.Build.0 = Debug|Any CPU
		{7564B53B-B138-4E6F-8D37-ACDD1E51F787}.SingleImage|x86.ActiveCfg = Debug|Any CPU
		{7564B53B-B138-4E6F-8D37-ACDD1E51F787}.SingleImage|x86.Build.0 = Debug|Any CPU
		{7564B53B-B138-4E6F-8D37-ACDD1E51F787}.Test|Any CPU.ActiveCfg = Debug|Any CPU
		{7564B53B-B138-4E6F-8D37-ACDD1E51F787}.Test|Any CPU.Build.0 = Debug|Any CPU
		{7564B53B-B138-4E6F-8D37-ACDD1E51F787}.Test|ARM.ActiveCfg = Debug|Any CPU
		{7564B53B-B138-4E6F-8D37-ACDD1E51F787}.Test|ARM.Build.0 = Debug|Any CPU
		{7564B53B-B138-4E6F-8D37-ACDD1E51F787}.Test|x64.ActiveCfg = Debug|Any CPU
		{7564B53B-B138-4E6F-8D37-ACDD1E51F787}.Test|x64.Build.0 = Debug|Any CPU
		{7564B53B-B138-4E6F-8D37-ACDD1E51F787}.Test|x86.ActiveCfg = Debug|Any CPU
		{7564B53B-B138-4E6F-8D37-ACDD1E51F787}.Test|x86.Build.0 = Debug|Any CPU
		{0F1F4A8F-44FD-4537-88A1-21034AC4335A}.CD_ROM|Any CPU.ActiveCfg = Debug|Any CPU
		{0F1F4A8F-44FD-4537-88A1-21034AC4335A}.CD_ROM|Any CPU.Build.0 = Debug|Any CPU
		{0F1F4A8F-44FD-4537-88A1-21034AC4335A}.CD_ROM|ARM.ActiveCfg = Debug|Any CPU
		{0F1F4A8F-44FD-4537-88A1-21034AC4335A}.CD_ROM|ARM.Build.0 = Debug|Any CPU
		{0F1F4A8F-44FD-4537-88A1-21034AC4335A}.CD_ROM|x64.ActiveCfg = Debug|Any CPU
		{0F1F4A8F-44FD-4537-88A1-21034AC4335A}.CD_ROM|x64.Build.0 = Debug|Any CPU
		{0F1F4A8F-44FD-4537-88A1-21034AC4335A}.CD_ROM|x86.ActiveCfg = Debug|Any CPU
		{0F1F4A8F-44FD-4537-88A1-21034AC4335A}.CD_ROM|x86.Build.0 = Debug|Any CPU
		{0F1F4A8F-44FD-4537-88A1-21034AC4335A}.Debug|Any CPU.ActiveCfg = Debug|Any CPU
		{0F1F4A8F-44FD-4537-88A1-21034AC4335A}.Debug|Any CPU.Build.0 = Debug|Any CPU
		{0F1F4A8F-44FD-4537-88A1-21034AC4335A}.Debug|ARM.ActiveCfg = Debug|Any CPU
		{0F1F4A8F-44FD-4537-88A1-21034AC4335A}.Debug|ARM.Build.0 = Debug|Any CPU
		{0F1F4A8F-44FD-4537-88A1-21034AC4335A}.Debug|x64.ActiveCfg = Debug|Any CPU
		{0F1F4A8F-44FD-4537-88A1-21034AC4335A}.Debug|x64.Build.0 = Debug|Any CPU
		{0F1F4A8F-44FD-4537-88A1-21034AC4335A}.Debug|x86.ActiveCfg = Debug|Any CPU
		{0F1F4A8F-44FD-4537-88A1-21034AC4335A}.Debug|x86.Build.0 = Debug|Any CPU
		{0F1F4A8F-44FD-4537-88A1-21034AC4335A}.DVD-5|Any CPU.ActiveCfg = Debug|Any CPU
		{0F1F4A8F-44FD-4537-88A1-21034AC4335A}.DVD-5|Any CPU.Build.0 = Debug|Any CPU
		{0F1F4A8F-44FD-4537-88A1-21034AC4335A}.DVD-5|ARM.ActiveCfg = Debug|Any CPU
		{0F1F4A8F-44FD-4537-88A1-21034AC4335A}.DVD-5|ARM.Build.0 = Debug|Any CPU
		{0F1F4A8F-44FD-4537-88A1-21034AC4335A}.DVD-5|x64.ActiveCfg = Debug|Any CPU
		{0F1F4A8F-44FD-4537-88A1-21034AC4335A}.DVD-5|x64.Build.0 = Debug|Any CPU
		{0F1F4A8F-44FD-4537-88A1-21034AC4335A}.DVD-5|x86.ActiveCfg = Debug|Any CPU
		{0F1F4A8F-44FD-4537-88A1-21034AC4335A}.DVD-5|x86.Build.0 = Debug|Any CPU
		{0F1F4A8F-44FD-4537-88A1-21034AC4335A}.Release|Any CPU.ActiveCfg = Debug|Any CPU
		{0F1F4A8F-44FD-4537-88A1-21034AC4335A}.Release|Any CPU.Build.0 = Debug|Any CPU
		{0F1F4A8F-44FD-4537-88A1-21034AC4335A}.Release|ARM.ActiveCfg = Release|Any CPU
		{0F1F4A8F-44FD-4537-88A1-21034AC4335A}.Release|ARM.Build.0 = Release|Any CPU
		{0F1F4A8F-44FD-4537-88A1-21034AC4335A}.Release|x64.ActiveCfg = Release|Any CPU
		{0F1F4A8F-44FD-4537-88A1-21034AC4335A}.Release|x64.Build.0 = Release|Any CPU
		{0F1F4A8F-44FD-4537-88A1-21034AC4335A}.Release|x86.ActiveCfg = Release|Any CPU
		{0F1F4A8F-44FD-4537-88A1-21034AC4335A}.Release|x86.Build.0 = Release|Any CPU
		{0F1F4A8F-44FD-4537-88A1-21034AC4335A}.Release-Signed|Any CPU.ActiveCfg = Debug|Any CPU
		{0F1F4A8F-44FD-4537-88A1-21034AC4335A}.Release-Signed|Any CPU.Build.0 = Debug|Any CPU
		{0F1F4A8F-44FD-4537-88A1-21034AC4335A}.Release-Signed|ARM.ActiveCfg = Release|Any CPU
		{0F1F4A8F-44FD-4537-88A1-21034AC4335A}.Release-Signed|ARM.Build.0 = Release|Any CPU
		{0F1F4A8F-44FD-4537-88A1-21034AC4335A}.Release-Signed|x64.ActiveCfg = Release|Any CPU
		{0F1F4A8F-44FD-4537-88A1-21034AC4335A}.Release-Signed|x64.Build.0 = Release|Any CPU
		{0F1F4A8F-44FD-4537-88A1-21034AC4335A}.Release-Signed|x86.ActiveCfg = Release|Any CPU
		{0F1F4A8F-44FD-4537-88A1-21034AC4335A}.Release-Signed|x86.Build.0 = Release|Any CPU
		{0F1F4A8F-44FD-4537-88A1-21034AC4335A}.SingleImage|Any CPU.ActiveCfg = Debug|Any CPU
		{0F1F4A8F-44FD-4537-88A1-21034AC4335A}.SingleImage|Any CPU.Build.0 = Debug|Any CPU
		{0F1F4A8F-44FD-4537-88A1-21034AC4335A}.SingleImage|ARM.ActiveCfg = Debug|Any CPU
		{0F1F4A8F-44FD-4537-88A1-21034AC4335A}.SingleImage|ARM.Build.0 = Debug|Any CPU
		{0F1F4A8F-44FD-4537-88A1-21034AC4335A}.SingleImage|x64.ActiveCfg = Debug|Any CPU
		{0F1F4A8F-44FD-4537-88A1-21034AC4335A}.SingleImage|x64.Build.0 = Debug|Any CPU
		{0F1F4A8F-44FD-4537-88A1-21034AC4335A}.SingleImage|x86.ActiveCfg = Debug|Any CPU
		{0F1F4A8F-44FD-4537-88A1-21034AC4335A}.SingleImage|x86.Build.0 = Debug|Any CPU
		{0F1F4A8F-44FD-4537-88A1-21034AC4335A}.Test|Any CPU.ActiveCfg = Debug|Any CPU
		{0F1F4A8F-44FD-4537-88A1-21034AC4335A}.Test|Any CPU.Build.0 = Debug|Any CPU
		{0F1F4A8F-44FD-4537-88A1-21034AC4335A}.Test|ARM.ActiveCfg = Debug|Any CPU
		{0F1F4A8F-44FD-4537-88A1-21034AC4335A}.Test|ARM.Build.0 = Debug|Any CPU
		{0F1F4A8F-44FD-4537-88A1-21034AC4335A}.Test|x64.ActiveCfg = Debug|Any CPU
		{0F1F4A8F-44FD-4537-88A1-21034AC4335A}.Test|x64.Build.0 = Debug|Any CPU
		{0F1F4A8F-44FD-4537-88A1-21034AC4335A}.Test|x86.ActiveCfg = Debug|Any CPU
		{0F1F4A8F-44FD-4537-88A1-21034AC4335A}.Test|x86.Build.0 = Debug|Any CPU
		{2FEC93AB-A5DE-49EE-84E5-43090C2B007B}.CD_ROM|Any CPU.ActiveCfg = Debug|Any CPU
		{2FEC93AB-A5DE-49EE-84E5-43090C2B007B}.CD_ROM|Any CPU.Build.0 = Debug|Any CPU
		{2FEC93AB-A5DE-49EE-84E5-43090C2B007B}.CD_ROM|ARM.ActiveCfg = Debug|Any CPU
		{2FEC93AB-A5DE-49EE-84E5-43090C2B007B}.CD_ROM|ARM.Build.0 = Debug|Any CPU
		{2FEC93AB-A5DE-49EE-84E5-43090C2B007B}.CD_ROM|x64.ActiveCfg = Debug|Any CPU
		{2FEC93AB-A5DE-49EE-84E5-43090C2B007B}.CD_ROM|x64.Build.0 = Debug|Any CPU
		{2FEC93AB-A5DE-49EE-84E5-43090C2B007B}.CD_ROM|x86.ActiveCfg = Debug|Any CPU
		{2FEC93AB-A5DE-49EE-84E5-43090C2B007B}.CD_ROM|x86.Build.0 = Debug|Any CPU
		{2FEC93AB-A5DE-49EE-84E5-43090C2B007B}.Debug|Any CPU.ActiveCfg = Debug|Any CPU
		{2FEC93AB-A5DE-49EE-84E5-43090C2B007B}.Debug|Any CPU.Build.0 = Debug|Any CPU
		{2FEC93AB-A5DE-49EE-84E5-43090C2B007B}.Debug|ARM.ActiveCfg = Debug|Any CPU
		{2FEC93AB-A5DE-49EE-84E5-43090C2B007B}.Debug|ARM.Build.0 = Debug|Any CPU
		{2FEC93AB-A5DE-49EE-84E5-43090C2B007B}.Debug|x64.ActiveCfg = Debug|Any CPU
		{2FEC93AB-A5DE-49EE-84E5-43090C2B007B}.Debug|x64.Build.0 = Debug|Any CPU
		{2FEC93AB-A5DE-49EE-84E5-43090C2B007B}.Debug|x86.ActiveCfg = Debug|Any CPU
		{2FEC93AB-A5DE-49EE-84E5-43090C2B007B}.Debug|x86.Build.0 = Debug|Any CPU
		{2FEC93AB-A5DE-49EE-84E5-43090C2B007B}.DVD-5|Any CPU.ActiveCfg = Debug|Any CPU
		{2FEC93AB-A5DE-49EE-84E5-43090C2B007B}.DVD-5|Any CPU.Build.0 = Debug|Any CPU
		{2FEC93AB-A5DE-49EE-84E5-43090C2B007B}.DVD-5|ARM.ActiveCfg = Debug|Any CPU
		{2FEC93AB-A5DE-49EE-84E5-43090C2B007B}.DVD-5|ARM.Build.0 = Debug|Any CPU
		{2FEC93AB-A5DE-49EE-84E5-43090C2B007B}.DVD-5|x64.ActiveCfg = Debug|Any CPU
		{2FEC93AB-A5DE-49EE-84E5-43090C2B007B}.DVD-5|x64.Build.0 = Debug|Any CPU
		{2FEC93AB-A5DE-49EE-84E5-43090C2B007B}.DVD-5|x86.ActiveCfg = Debug|Any CPU
		{2FEC93AB-A5DE-49EE-84E5-43090C2B007B}.DVD-5|x86.Build.0 = Debug|Any CPU
		{2FEC93AB-A5DE-49EE-84E5-43090C2B007B}.Release|Any CPU.ActiveCfg = Debug|Any CPU
		{2FEC93AB-A5DE-49EE-84E5-43090C2B007B}.Release|Any CPU.Build.0 = Debug|Any CPU
		{2FEC93AB-A5DE-49EE-84E5-43090C2B007B}.Release|ARM.ActiveCfg = Release|Any CPU
		{2FEC93AB-A5DE-49EE-84E5-43090C2B007B}.Release|ARM.Build.0 = Release|Any CPU
		{2FEC93AB-A5DE-49EE-84E5-43090C2B007B}.Release|x64.ActiveCfg = Release|Any CPU
		{2FEC93AB-A5DE-49EE-84E5-43090C2B007B}.Release|x64.Build.0 = Release|Any CPU
		{2FEC93AB-A5DE-49EE-84E5-43090C2B007B}.Release|x86.ActiveCfg = Release|Any CPU
		{2FEC93AB-A5DE-49EE-84E5-43090C2B007B}.Release|x86.Build.0 = Release|Any CPU
		{2FEC93AB-A5DE-49EE-84E5-43090C2B007B}.Release-Signed|Any CPU.ActiveCfg = Debug|Any CPU
		{2FEC93AB-A5DE-49EE-84E5-43090C2B007B}.Release-Signed|Any CPU.Build.0 = Debug|Any CPU
		{2FEC93AB-A5DE-49EE-84E5-43090C2B007B}.Release-Signed|ARM.ActiveCfg = Release|Any CPU
		{2FEC93AB-A5DE-49EE-84E5-43090C2B007B}.Release-Signed|ARM.Build.0 = Release|Any CPU
		{2FEC93AB-A5DE-49EE-84E5-43090C2B007B}.Release-Signed|x64.ActiveCfg = Release|Any CPU
		{2FEC93AB-A5DE-49EE-84E5-43090C2B007B}.Release-Signed|x64.Build.0 = Release|Any CPU
		{2FEC93AB-A5DE-49EE-84E5-43090C2B007B}.Release-Signed|x86.ActiveCfg = Release|Any CPU
		{2FEC93AB-A5DE-49EE-84E5-43090C2B007B}.Release-Signed|x86.Build.0 = Release|Any CPU
		{2FEC93AB-A5DE-49EE-84E5-43090C2B007B}.SingleImage|Any CPU.ActiveCfg = Debug|Any CPU
		{2FEC93AB-A5DE-49EE-84E5-43090C2B007B}.SingleImage|Any CPU.Build.0 = Debug|Any CPU
		{2FEC93AB-A5DE-49EE-84E5-43090C2B007B}.SingleImage|ARM.ActiveCfg = Debug|Any CPU
		{2FEC93AB-A5DE-49EE-84E5-43090C2B007B}.SingleImage|ARM.Build.0 = Debug|Any CPU
		{2FEC93AB-A5DE-49EE-84E5-43090C2B007B}.SingleImage|x64.ActiveCfg = Debug|Any CPU
		{2FEC93AB-A5DE-49EE-84E5-43090C2B007B}.SingleImage|x64.Build.0 = Debug|Any CPU
		{2FEC93AB-A5DE-49EE-84E5-43090C2B007B}.SingleImage|x86.ActiveCfg = Debug|Any CPU
		{2FEC93AB-A5DE-49EE-84E5-43090C2B007B}.SingleImage|x86.Build.0 = Debug|Any CPU
		{2FEC93AB-A5DE-49EE-84E5-43090C2B007B}.Test|Any CPU.ActiveCfg = Debug|Any CPU
		{2FEC93AB-A5DE-49EE-84E5-43090C2B007B}.Test|Any CPU.Build.0 = Debug|Any CPU
		{2FEC93AB-A5DE-49EE-84E5-43090C2B007B}.Test|ARM.ActiveCfg = Debug|Any CPU
		{2FEC93AB-A5DE-49EE-84E5-43090C2B007B}.Test|ARM.Build.0 = Debug|Any CPU
		{2FEC93AB-A5DE-49EE-84E5-43090C2B007B}.Test|x64.ActiveCfg = Debug|Any CPU
		{2FEC93AB-A5DE-49EE-84E5-43090C2B007B}.Test|x64.Build.0 = Debug|Any CPU
		{2FEC93AB-A5DE-49EE-84E5-43090C2B007B}.Test|x86.ActiveCfg = Debug|Any CPU
		{2FEC93AB-A5DE-49EE-84E5-43090C2B007B}.Test|x86.Build.0 = Debug|Any CPU
		{EC22BB98-1C31-4B87-8A82-FF0345A007E5}.CD_ROM|Any CPU.ActiveCfg = CD_ROM
		{EC22BB98-1C31-4B87-8A82-FF0345A007E5}.CD_ROM|Any CPU.Build.0 = CD_ROM
		{EC22BB98-1C31-4B87-8A82-FF0345A007E5}.CD_ROM|ARM.ActiveCfg = CD_ROM
		{EC22BB98-1C31-4B87-8A82-FF0345A007E5}.CD_ROM|x64.ActiveCfg = CD_ROM
		{EC22BB98-1C31-4B87-8A82-FF0345A007E5}.CD_ROM|x86.ActiveCfg = CD_ROM
		{EC22BB98-1C31-4B87-8A82-FF0345A007E5}.Debug|Any CPU.ActiveCfg = SingleImage
		{EC22BB98-1C31-4B87-8A82-FF0345A007E5}.Debug|Any CPU.Build.0 = SingleImage
		{EC22BB98-1C31-4B87-8A82-FF0345A007E5}.Debug|ARM.ActiveCfg = DVD-5
		{EC22BB98-1C31-4B87-8A82-FF0345A007E5}.Debug|x64.ActiveCfg = DVD-5
		{EC22BB98-1C31-4B87-8A82-FF0345A007E5}.Debug|x86.ActiveCfg = DVD-5
		{EC22BB98-1C31-4B87-8A82-FF0345A007E5}.DVD-5|Any CPU.ActiveCfg = DVD-5
		{EC22BB98-1C31-4B87-8A82-FF0345A007E5}.DVD-5|Any CPU.Build.0 = DVD-5
		{EC22BB98-1C31-4B87-8A82-FF0345A007E5}.DVD-5|ARM.ActiveCfg = DVD-5
		{EC22BB98-1C31-4B87-8A82-FF0345A007E5}.DVD-5|x64.ActiveCfg = DVD-5
		{EC22BB98-1C31-4B87-8A82-FF0345A007E5}.DVD-5|x86.ActiveCfg = DVD-5
		{EC22BB98-1C31-4B87-8A82-FF0345A007E5}.Release|Any CPU.ActiveCfg = SingleImage
		{EC22BB98-1C31-4B87-8A82-FF0345A007E5}.Release|Any CPU.Build.0 = SingleImage
		{EC22BB98-1C31-4B87-8A82-FF0345A007E5}.Release|ARM.ActiveCfg = DVD-5
		{EC22BB98-1C31-4B87-8A82-FF0345A007E5}.Release|x64.ActiveCfg = DVD-5
		{EC22BB98-1C31-4B87-8A82-FF0345A007E5}.Release|x86.ActiveCfg = DVD-5
		{EC22BB98-1C31-4B87-8A82-FF0345A007E5}.Release-Signed|Any CPU.ActiveCfg = DVD-5
		{EC22BB98-1C31-4B87-8A82-FF0345A007E5}.Release-Signed|ARM.ActiveCfg = DVD-5
		{EC22BB98-1C31-4B87-8A82-FF0345A007E5}.Release-Signed|x64.ActiveCfg = DVD-5
		{EC22BB98-1C31-4B87-8A82-FF0345A007E5}.Release-Signed|x86.ActiveCfg = DVD-5
		{EC22BB98-1C31-4B87-8A82-FF0345A007E5}.SingleImage|Any CPU.ActiveCfg = SingleImage
		{EC22BB98-1C31-4B87-8A82-FF0345A007E5}.SingleImage|Any CPU.Build.0 = SingleImage
		{EC22BB98-1C31-4B87-8A82-FF0345A007E5}.SingleImage|ARM.ActiveCfg = SingleImage
		{EC22BB98-1C31-4B87-8A82-FF0345A007E5}.SingleImage|x64.ActiveCfg = SingleImage
		{EC22BB98-1C31-4B87-8A82-FF0345A007E5}.SingleImage|x86.ActiveCfg = SingleImage
		{EC22BB98-1C31-4B87-8A82-FF0345A007E5}.Test|Any CPU.ActiveCfg = DVD-5
		{EC22BB98-1C31-4B87-8A82-FF0345A007E5}.Test|ARM.ActiveCfg = DVD-5
		{EC22BB98-1C31-4B87-8A82-FF0345A007E5}.Test|x64.ActiveCfg = DVD-5
		{EC22BB98-1C31-4B87-8A82-FF0345A007E5}.Test|x86.ActiveCfg = DVD-5
		{7DC25FC9-21D8-4BFB-8F90-A243AA61EFFE}.CD_ROM|Any CPU.ActiveCfg = Release|Any CPU
		{7DC25FC9-21D8-4BFB-8F90-A243AA61EFFE}.CD_ROM|Any CPU.Build.0 = Release|Any CPU
		{7DC25FC9-21D8-4BFB-8F90-A243AA61EFFE}.CD_ROM|ARM.ActiveCfg = Debug|Any CPU
		{7DC25FC9-21D8-4BFB-8F90-A243AA61EFFE}.CD_ROM|x64.ActiveCfg = Debug|Any CPU
		{7DC25FC9-21D8-4BFB-8F90-A243AA61EFFE}.CD_ROM|x86.ActiveCfg = Debug|Any CPU
		{7DC25FC9-21D8-4BFB-8F90-A243AA61EFFE}.Debug|Any CPU.ActiveCfg = Debug|Any CPU
		{7DC25FC9-21D8-4BFB-8F90-A243AA61EFFE}.Debug|Any CPU.Build.0 = Debug|Any CPU
		{7DC25FC9-21D8-4BFB-8F90-A243AA61EFFE}.Debug|ARM.ActiveCfg = Debug|Any CPU
		{7DC25FC9-21D8-4BFB-8F90-A243AA61EFFE}.Debug|x64.ActiveCfg = Debug|Any CPU
		{7DC25FC9-21D8-4BFB-8F90-A243AA61EFFE}.Debug|x86.ActiveCfg = Debug|Any CPU
		{7DC25FC9-21D8-4BFB-8F90-A243AA61EFFE}.DVD-5|Any CPU.ActiveCfg = Debug|Any CPU
		{7DC25FC9-21D8-4BFB-8F90-A243AA61EFFE}.DVD-5|Any CPU.Build.0 = Debug|Any CPU
		{7DC25FC9-21D8-4BFB-8F90-A243AA61EFFE}.DVD-5|ARM.ActiveCfg = Debug|Any CPU
		{7DC25FC9-21D8-4BFB-8F90-A243AA61EFFE}.DVD-5|x64.ActiveCfg = Debug|Any CPU
		{7DC25FC9-21D8-4BFB-8F90-A243AA61EFFE}.DVD-5|x86.ActiveCfg = Debug|Any CPU
		{7DC25FC9-21D8-4BFB-8F90-A243AA61EFFE}.Release|Any CPU.ActiveCfg = Release|Any CPU
		{7DC25FC9-21D8-4BFB-8F90-A243AA61EFFE}.Release|Any CPU.Build.0 = Release|Any CPU
		{7DC25FC9-21D8-4BFB-8F90-A243AA61EFFE}.Release|ARM.ActiveCfg = Release|Any CPU
		{7DC25FC9-21D8-4BFB-8F90-A243AA61EFFE}.Release|x64.ActiveCfg = Release|Any CPU
		{7DC25FC9-21D8-4BFB-8F90-A243AA61EFFE}.Release|x86.ActiveCfg = Release|Any CPU
		{7DC25FC9-21D8-4BFB-8F90-A243AA61EFFE}.Release-Signed|Any CPU.ActiveCfg = Release|Any CPU
		{7DC25FC9-21D8-4BFB-8F90-A243AA61EFFE}.Release-Signed|ARM.ActiveCfg = Release|Any CPU
		{7DC25FC9-21D8-4BFB-8F90-A243AA61EFFE}.Release-Signed|x64.ActiveCfg = Release|Any CPU
		{7DC25FC9-21D8-4BFB-8F90-A243AA61EFFE}.Release-Signed|x86.ActiveCfg = Release|Any CPU
		{7DC25FC9-21D8-4BFB-8F90-A243AA61EFFE}.SingleImage|Any CPU.ActiveCfg = Release|Any CPU
		{7DC25FC9-21D8-4BFB-8F90-A243AA61EFFE}.SingleImage|Any CPU.Build.0 = Release|Any CPU
		{7DC25FC9-21D8-4BFB-8F90-A243AA61EFFE}.SingleImage|ARM.ActiveCfg = Debug|Any CPU
		{7DC25FC9-21D8-4BFB-8F90-A243AA61EFFE}.SingleImage|x64.ActiveCfg = Debug|Any CPU
		{7DC25FC9-21D8-4BFB-8F90-A243AA61EFFE}.SingleImage|x86.ActiveCfg = Debug|Any CPU
		{7DC25FC9-21D8-4BFB-8F90-A243AA61EFFE}.Test|Any CPU.ActiveCfg = Debug|Any CPU
		{7DC25FC9-21D8-4BFB-8F90-A243AA61EFFE}.Test|ARM.ActiveCfg = Debug|Any CPU
		{7DC25FC9-21D8-4BFB-8F90-A243AA61EFFE}.Test|x64.ActiveCfg = Debug|Any CPU
		{7DC25FC9-21D8-4BFB-8F90-A243AA61EFFE}.Test|x86.ActiveCfg = Debug|Any CPU
		{FAA8156D-0085-4B12-B7CC-0F222ECC9921}.CD_ROM|Any CPU.ActiveCfg = Release|Any CPU
		{FAA8156D-0085-4B12-B7CC-0F222ECC9921}.CD_ROM|Any CPU.Build.0 = Release|Any CPU
		{FAA8156D-0085-4B12-B7CC-0F222ECC9921}.CD_ROM|ARM.ActiveCfg = Release|Any CPU
		{FAA8156D-0085-4B12-B7CC-0F222ECC9921}.CD_ROM|ARM.Build.0 = Release|Any CPU
		{FAA8156D-0085-4B12-B7CC-0F222ECC9921}.CD_ROM|x64.ActiveCfg = Release|Any CPU
		{FAA8156D-0085-4B12-B7CC-0F222ECC9921}.CD_ROM|x64.Build.0 = Release|Any CPU
		{FAA8156D-0085-4B12-B7CC-0F222ECC9921}.CD_ROM|x86.ActiveCfg = Release|Any CPU
		{FAA8156D-0085-4B12-B7CC-0F222ECC9921}.CD_ROM|x86.Build.0 = Release|Any CPU
		{FAA8156D-0085-4B12-B7CC-0F222ECC9921}.Debug|Any CPU.ActiveCfg = Debug|Any CPU
		{FAA8156D-0085-4B12-B7CC-0F222ECC9921}.Debug|Any CPU.Build.0 = Debug|Any CPU
		{FAA8156D-0085-4B12-B7CC-0F222ECC9921}.Debug|ARM.ActiveCfg = Debug|Any CPU
		{FAA8156D-0085-4B12-B7CC-0F222ECC9921}.Debug|ARM.Build.0 = Debug|Any CPU
		{FAA8156D-0085-4B12-B7CC-0F222ECC9921}.Debug|x64.ActiveCfg = Debug|Any CPU
		{FAA8156D-0085-4B12-B7CC-0F222ECC9921}.Debug|x64.Build.0 = Debug|Any CPU
		{FAA8156D-0085-4B12-B7CC-0F222ECC9921}.Debug|x86.ActiveCfg = Debug|Any CPU
		{FAA8156D-0085-4B12-B7CC-0F222ECC9921}.Debug|x86.Build.0 = Debug|Any CPU
		{FAA8156D-0085-4B12-B7CC-0F222ECC9921}.DVD-5|Any CPU.ActiveCfg = Release|Any CPU
		{FAA8156D-0085-4B12-B7CC-0F222ECC9921}.DVD-5|Any CPU.Build.0 = Release|Any CPU
		{FAA8156D-0085-4B12-B7CC-0F222ECC9921}.DVD-5|ARM.ActiveCfg = Debug|Any CPU
		{FAA8156D-0085-4B12-B7CC-0F222ECC9921}.DVD-5|ARM.Build.0 = Debug|Any CPU
		{FAA8156D-0085-4B12-B7CC-0F222ECC9921}.DVD-5|x64.ActiveCfg = Debug|Any CPU
		{FAA8156D-0085-4B12-B7CC-0F222ECC9921}.DVD-5|x64.Build.0 = Debug|Any CPU
		{FAA8156D-0085-4B12-B7CC-0F222ECC9921}.DVD-5|x86.ActiveCfg = Debug|Any CPU
		{FAA8156D-0085-4B12-B7CC-0F222ECC9921}.DVD-5|x86.Build.0 = Debug|Any CPU
		{FAA8156D-0085-4B12-B7CC-0F222ECC9921}.Release|Any CPU.ActiveCfg = Release|Any CPU
		{FAA8156D-0085-4B12-B7CC-0F222ECC9921}.Release|Any CPU.Build.0 = Release|Any CPU
		{FAA8156D-0085-4B12-B7CC-0F222ECC9921}.Release|ARM.ActiveCfg = Release|Any CPU
		{FAA8156D-0085-4B12-B7CC-0F222ECC9921}.Release|ARM.Build.0 = Release|Any CPU
		{FAA8156D-0085-4B12-B7CC-0F222ECC9921}.Release|x64.ActiveCfg = Release|Any CPU
		{FAA8156D-0085-4B12-B7CC-0F222ECC9921}.Release|x64.Build.0 = Release|Any CPU
		{FAA8156D-0085-4B12-B7CC-0F222ECC9921}.Release|x86.ActiveCfg = Release|Any CPU
		{FAA8156D-0085-4B12-B7CC-0F222ECC9921}.Release|x86.Build.0 = Release|Any CPU
		{FAA8156D-0085-4B12-B7CC-0F222ECC9921}.Release-Signed|Any CPU.ActiveCfg = Release|Any CPU
		{FAA8156D-0085-4B12-B7CC-0F222ECC9921}.Release-Signed|Any CPU.Build.0 = Release|Any CPU
		{FAA8156D-0085-4B12-B7CC-0F222ECC9921}.Release-Signed|ARM.ActiveCfg = Release|Any CPU
		{FAA8156D-0085-4B12-B7CC-0F222ECC9921}.Release-Signed|ARM.Build.0 = Release|Any CPU
		{FAA8156D-0085-4B12-B7CC-0F222ECC9921}.Release-Signed|x64.ActiveCfg = Release|Any CPU
		{FAA8156D-0085-4B12-B7CC-0F222ECC9921}.Release-Signed|x64.Build.0 = Release|Any CPU
		{FAA8156D-0085-4B12-B7CC-0F222ECC9921}.Release-Signed|x86.ActiveCfg = Release|Any CPU
		{FAA8156D-0085-4B12-B7CC-0F222ECC9921}.Release-Signed|x86.Build.0 = Release|Any CPU
		{FAA8156D-0085-4B12-B7CC-0F222ECC9921}.SingleImage|Any CPU.ActiveCfg = Release|Any CPU
		{FAA8156D-0085-4B12-B7CC-0F222ECC9921}.SingleImage|Any CPU.Build.0 = Release|Any CPU
		{FAA8156D-0085-4B12-B7CC-0F222ECC9921}.SingleImage|ARM.ActiveCfg = Release|Any CPU
		{FAA8156D-0085-4B12-B7CC-0F222ECC9921}.SingleImage|ARM.Build.0 = Release|Any CPU
		{FAA8156D-0085-4B12-B7CC-0F222ECC9921}.SingleImage|x64.ActiveCfg = Release|Any CPU
		{FAA8156D-0085-4B12-B7CC-0F222ECC9921}.SingleImage|x64.Build.0 = Release|Any CPU
		{FAA8156D-0085-4B12-B7CC-0F222ECC9921}.SingleImage|x86.ActiveCfg = Release|Any CPU
		{FAA8156D-0085-4B12-B7CC-0F222ECC9921}.SingleImage|x86.Build.0 = Release|Any CPU
		{FAA8156D-0085-4B12-B7CC-0F222ECC9921}.Test|Any CPU.ActiveCfg = Release|Any CPU
		{FAA8156D-0085-4B12-B7CC-0F222ECC9921}.Test|Any CPU.Build.0 = Release|Any CPU
		{FAA8156D-0085-4B12-B7CC-0F222ECC9921}.Test|ARM.ActiveCfg = Release|Any CPU
		{FAA8156D-0085-4B12-B7CC-0F222ECC9921}.Test|ARM.Build.0 = Release|Any CPU
		{FAA8156D-0085-4B12-B7CC-0F222ECC9921}.Test|x64.ActiveCfg = Release|Any CPU
		{FAA8156D-0085-4B12-B7CC-0F222ECC9921}.Test|x64.Build.0 = Release|Any CPU
		{FAA8156D-0085-4B12-B7CC-0F222ECC9921}.Test|x86.ActiveCfg = Release|Any CPU
		{FAA8156D-0085-4B12-B7CC-0F222ECC9921}.Test|x86.Build.0 = Release|Any CPU
		{E6C50355-D01E-4CAA-884D-D7929861315C}.CD_ROM|Any CPU.ActiveCfg = Test|Any CPU
		{E6C50355-D01E-4CAA-884D-D7929861315C}.CD_ROM|Any CPU.Build.0 = Test|Any CPU
		{E6C50355-D01E-4CAA-884D-D7929861315C}.CD_ROM|ARM.ActiveCfg = Test|Any CPU
		{E6C50355-D01E-4CAA-884D-D7929861315C}.CD_ROM|ARM.Build.0 = Test|Any CPU
		{E6C50355-D01E-4CAA-884D-D7929861315C}.CD_ROM|x64.ActiveCfg = Test|Any CPU
		{E6C50355-D01E-4CAA-884D-D7929861315C}.CD_ROM|x64.Build.0 = Test|Any CPU
		{E6C50355-D01E-4CAA-884D-D7929861315C}.CD_ROM|x86.ActiveCfg = Test|Any CPU
		{E6C50355-D01E-4CAA-884D-D7929861315C}.CD_ROM|x86.Build.0 = Test|Any CPU
		{E6C50355-D01E-4CAA-884D-D7929861315C}.Debug|Any CPU.ActiveCfg = Debug|Any CPU
		{E6C50355-D01E-4CAA-884D-D7929861315C}.Debug|Any CPU.Build.0 = Debug|Any CPU
		{E6C50355-D01E-4CAA-884D-D7929861315C}.Debug|ARM.ActiveCfg = Debug|Any CPU
		{E6C50355-D01E-4CAA-884D-D7929861315C}.Debug|ARM.Build.0 = Debug|Any CPU
		{E6C50355-D01E-4CAA-884D-D7929861315C}.Debug|x64.ActiveCfg = Debug|Any CPU
		{E6C50355-D01E-4CAA-884D-D7929861315C}.Debug|x64.Build.0 = Debug|Any CPU
		{E6C50355-D01E-4CAA-884D-D7929861315C}.Debug|x86.ActiveCfg = Debug|Any CPU
		{E6C50355-D01E-4CAA-884D-D7929861315C}.Debug|x86.Build.0 = Debug|Any CPU
		{E6C50355-D01E-4CAA-884D-D7929861315C}.DVD-5|Any CPU.ActiveCfg = Debug|Any CPU
		{E6C50355-D01E-4CAA-884D-D7929861315C}.DVD-5|Any CPU.Build.0 = Debug|Any CPU
		{E6C50355-D01E-4CAA-884D-D7929861315C}.DVD-5|ARM.ActiveCfg = Debug|Any CPU
		{E6C50355-D01E-4CAA-884D-D7929861315C}.DVD-5|ARM.Build.0 = Debug|Any CPU
		{E6C50355-D01E-4CAA-884D-D7929861315C}.DVD-5|x64.ActiveCfg = Debug|Any CPU
		{E6C50355-D01E-4CAA-884D-D7929861315C}.DVD-5|x64.Build.0 = Debug|Any CPU
		{E6C50355-D01E-4CAA-884D-D7929861315C}.DVD-5|x86.ActiveCfg = Debug|Any CPU
		{E6C50355-D01E-4CAA-884D-D7929861315C}.DVD-5|x86.Build.0 = Debug|Any CPU
		{E6C50355-D01E-4CAA-884D-D7929861315C}.Release|Any CPU.ActiveCfg = Release|Any CPU
		{E6C50355-D01E-4CAA-884D-D7929861315C}.Release|Any CPU.Build.0 = Release|Any CPU
		{E6C50355-D01E-4CAA-884D-D7929861315C}.Release|ARM.ActiveCfg = Release|Any CPU
		{E6C50355-D01E-4CAA-884D-D7929861315C}.Release|ARM.Build.0 = Release|Any CPU
		{E6C50355-D01E-4CAA-884D-D7929861315C}.Release|x64.ActiveCfg = Release|Any CPU
		{E6C50355-D01E-4CAA-884D-D7929861315C}.Release|x64.Build.0 = Release|Any CPU
		{E6C50355-D01E-4CAA-884D-D7929861315C}.Release|x86.ActiveCfg = Release|Any CPU
		{E6C50355-D01E-4CAA-884D-D7929861315C}.Release|x86.Build.0 = Release|Any CPU
		{E6C50355-D01E-4CAA-884D-D7929861315C}.Release-Signed|Any CPU.ActiveCfg = Release-Signed|Any CPU
		{E6C50355-D01E-4CAA-884D-D7929861315C}.Release-Signed|Any CPU.Build.0 = Release-Signed|Any CPU
		{E6C50355-D01E-4CAA-884D-D7929861315C}.Release-Signed|ARM.ActiveCfg = Release-Signed|Any CPU
		{E6C50355-D01E-4CAA-884D-D7929861315C}.Release-Signed|ARM.Build.0 = Release-Signed|Any CPU
		{E6C50355-D01E-4CAA-884D-D7929861315C}.Release-Signed|x64.ActiveCfg = Release-Signed|Any CPU
		{E6C50355-D01E-4CAA-884D-D7929861315C}.Release-Signed|x64.Build.0 = Release-Signed|Any CPU
		{E6C50355-D01E-4CAA-884D-D7929861315C}.Release-Signed|x86.ActiveCfg = Release-Signed|Any CPU
		{E6C50355-D01E-4CAA-884D-D7929861315C}.Release-Signed|x86.Build.0 = Release-Signed|Any CPU
		{E6C50355-D01E-4CAA-884D-D7929861315C}.SingleImage|Any CPU.ActiveCfg = Test|Any CPU
		{E6C50355-D01E-4CAA-884D-D7929861315C}.SingleImage|Any CPU.Build.0 = Test|Any CPU
		{E6C50355-D01E-4CAA-884D-D7929861315C}.SingleImage|ARM.ActiveCfg = Test|Any CPU
		{E6C50355-D01E-4CAA-884D-D7929861315C}.SingleImage|ARM.Build.0 = Test|Any CPU
		{E6C50355-D01E-4CAA-884D-D7929861315C}.SingleImage|x64.ActiveCfg = Test|Any CPU
		{E6C50355-D01E-4CAA-884D-D7929861315C}.SingleImage|x64.Build.0 = Test|Any CPU
		{E6C50355-D01E-4CAA-884D-D7929861315C}.SingleImage|x86.ActiveCfg = Test|Any CPU
		{E6C50355-D01E-4CAA-884D-D7929861315C}.SingleImage|x86.Build.0 = Test|Any CPU
		{E6C50355-D01E-4CAA-884D-D7929861315C}.Test|Any CPU.ActiveCfg = Test|Any CPU
		{E6C50355-D01E-4CAA-884D-D7929861315C}.Test|Any CPU.Build.0 = Test|Any CPU
		{E6C50355-D01E-4CAA-884D-D7929861315C}.Test|ARM.ActiveCfg = Test|Any CPU
		{E6C50355-D01E-4CAA-884D-D7929861315C}.Test|ARM.Build.0 = Test|Any CPU
		{E6C50355-D01E-4CAA-884D-D7929861315C}.Test|x64.ActiveCfg = Test|Any CPU
		{E6C50355-D01E-4CAA-884D-D7929861315C}.Test|x64.Build.0 = Test|Any CPU
		{E6C50355-D01E-4CAA-884D-D7929861315C}.Test|x86.ActiveCfg = Test|Any CPU
		{E6C50355-D01E-4CAA-884D-D7929861315C}.Test|x86.Build.0 = Test|Any CPU
		{E3185B9F-6321-4769-9DCF-993D167C6829}.CD_ROM|Any CPU.ActiveCfg = Release|Any CPU
		{E3185B9F-6321-4769-9DCF-993D167C6829}.CD_ROM|Any CPU.Build.0 = Release|Any CPU
		{E3185B9F-6321-4769-9DCF-993D167C6829}.CD_ROM|ARM.ActiveCfg = Release|Any CPU
		{E3185B9F-6321-4769-9DCF-993D167C6829}.CD_ROM|ARM.Build.0 = Release|Any CPU
		{E3185B9F-6321-4769-9DCF-993D167C6829}.CD_ROM|x64.ActiveCfg = Release|Any CPU
		{E3185B9F-6321-4769-9DCF-993D167C6829}.CD_ROM|x64.Build.0 = Release|Any CPU
		{E3185B9F-6321-4769-9DCF-993D167C6829}.CD_ROM|x86.ActiveCfg = Release|Any CPU
		{E3185B9F-6321-4769-9DCF-993D167C6829}.CD_ROM|x86.Build.0 = Release|Any CPU
		{E3185B9F-6321-4769-9DCF-993D167C6829}.Debug|Any CPU.ActiveCfg = Debug|Any CPU
		{E3185B9F-6321-4769-9DCF-993D167C6829}.Debug|Any CPU.Build.0 = Debug|Any CPU
		{E3185B9F-6321-4769-9DCF-993D167C6829}.Debug|ARM.ActiveCfg = Debug|Any CPU
		{E3185B9F-6321-4769-9DCF-993D167C6829}.Debug|ARM.Build.0 = Debug|Any CPU
		{E3185B9F-6321-4769-9DCF-993D167C6829}.Debug|x64.ActiveCfg = Debug|Any CPU
		{E3185B9F-6321-4769-9DCF-993D167C6829}.Debug|x64.Build.0 = Debug|Any CPU
		{E3185B9F-6321-4769-9DCF-993D167C6829}.Debug|x86.ActiveCfg = Debug|Any CPU
		{E3185B9F-6321-4769-9DCF-993D167C6829}.Debug|x86.Build.0 = Debug|Any CPU
		{E3185B9F-6321-4769-9DCF-993D167C6829}.DVD-5|Any CPU.ActiveCfg = Debug|Any CPU
		{E3185B9F-6321-4769-9DCF-993D167C6829}.DVD-5|Any CPU.Build.0 = Debug|Any CPU
		{E3185B9F-6321-4769-9DCF-993D167C6829}.DVD-5|ARM.ActiveCfg = Debug|Any CPU
		{E3185B9F-6321-4769-9DCF-993D167C6829}.DVD-5|ARM.Build.0 = Debug|Any CPU
		{E3185B9F-6321-4769-9DCF-993D167C6829}.DVD-5|x64.ActiveCfg = Debug|Any CPU
		{E3185B9F-6321-4769-9DCF-993D167C6829}.DVD-5|x64.Build.0 = Debug|Any CPU
		{E3185B9F-6321-4769-9DCF-993D167C6829}.DVD-5|x86.ActiveCfg = Debug|Any CPU
		{E3185B9F-6321-4769-9DCF-993D167C6829}.DVD-5|x86.Build.0 = Debug|Any CPU
		{E3185B9F-6321-4769-9DCF-993D167C6829}.Release|Any CPU.ActiveCfg = Release|Any CPU
		{E3185B9F-6321-4769-9DCF-993D167C6829}.Release|Any CPU.Build.0 = Release|Any CPU
		{E3185B9F-6321-4769-9DCF-993D167C6829}.Release|ARM.ActiveCfg = Release|Any CPU
		{E3185B9F-6321-4769-9DCF-993D167C6829}.Release|ARM.Build.0 = Release|Any CPU
		{E3185B9F-6321-4769-9DCF-993D167C6829}.Release|x64.ActiveCfg = Release|Any CPU
		{E3185B9F-6321-4769-9DCF-993D167C6829}.Release|x64.Build.0 = Release|Any CPU
		{E3185B9F-6321-4769-9DCF-993D167C6829}.Release|x86.ActiveCfg = Release|Any CPU
		{E3185B9F-6321-4769-9DCF-993D167C6829}.Release|x86.Build.0 = Release|Any CPU
		{E3185B9F-6321-4769-9DCF-993D167C6829}.Release-Signed|Any CPU.ActiveCfg = Release|Any CPU
		{E3185B9F-6321-4769-9DCF-993D167C6829}.Release-Signed|Any CPU.Build.0 = Release|Any CPU
		{E3185B9F-6321-4769-9DCF-993D167C6829}.Release-Signed|ARM.ActiveCfg = Release|Any CPU
		{E3185B9F-6321-4769-9DCF-993D167C6829}.Release-Signed|ARM.Build.0 = Release|Any CPU
		{E3185B9F-6321-4769-9DCF-993D167C6829}.Release-Signed|x64.ActiveCfg = Release|Any CPU
		{E3185B9F-6321-4769-9DCF-993D167C6829}.Release-Signed|x64.Build.0 = Release|Any CPU
		{E3185B9F-6321-4769-9DCF-993D167C6829}.Release-Signed|x86.ActiveCfg = Release|Any CPU
		{E3185B9F-6321-4769-9DCF-993D167C6829}.Release-Signed|x86.Build.0 = Release|Any CPU
		{E3185B9F-6321-4769-9DCF-993D167C6829}.SingleImage|Any CPU.ActiveCfg = Release|Any CPU
		{E3185B9F-6321-4769-9DCF-993D167C6829}.SingleImage|Any CPU.Build.0 = Release|Any CPU
		{E3185B9F-6321-4769-9DCF-993D167C6829}.SingleImage|ARM.ActiveCfg = Release|Any CPU
		{E3185B9F-6321-4769-9DCF-993D167C6829}.SingleImage|ARM.Build.0 = Release|Any CPU
		{E3185B9F-6321-4769-9DCF-993D167C6829}.SingleImage|x64.ActiveCfg = Release|Any CPU
		{E3185B9F-6321-4769-9DCF-993D167C6829}.SingleImage|x64.Build.0 = Release|Any CPU
		{E3185B9F-6321-4769-9DCF-993D167C6829}.SingleImage|x86.ActiveCfg = Release|Any CPU
		{E3185B9F-6321-4769-9DCF-993D167C6829}.SingleImage|x86.Build.0 = Release|Any CPU
		{E3185B9F-6321-4769-9DCF-993D167C6829}.Test|Any CPU.ActiveCfg = Release|Any CPU
		{E3185B9F-6321-4769-9DCF-993D167C6829}.Test|Any CPU.Build.0 = Release|Any CPU
		{E3185B9F-6321-4769-9DCF-993D167C6829}.Test|ARM.ActiveCfg = Release|Any CPU
		{E3185B9F-6321-4769-9DCF-993D167C6829}.Test|ARM.Build.0 = Release|Any CPU
		{E3185B9F-6321-4769-9DCF-993D167C6829}.Test|x64.ActiveCfg = Release|Any CPU
		{E3185B9F-6321-4769-9DCF-993D167C6829}.Test|x64.Build.0 = Release|Any CPU
		{E3185B9F-6321-4769-9DCF-993D167C6829}.Test|x86.ActiveCfg = Release|Any CPU
		{E3185B9F-6321-4769-9DCF-993D167C6829}.Test|x86.Build.0 = Release|Any CPU
	EndGlobalSection
	GlobalSection(SolutionProperties) = preSolution
		HideSolutionNode = FALSE
	EndGlobalSection
EndGlobal
